# THIS IS AN AUTOGENERATED FILE. DO NOT EDIT THIS FILE DIRECTLY.
# yarn lockfile v1


"@chaitanyapotti/random-id@^1.0.3":
  version "1.0.3"
  resolved "https://registry.yarnpkg.com/@chaitanyapotti/random-id/-/random-id-1.0.3.tgz#f52f647cfe9f79fc7723ea2b01b0ad3889204002"
  integrity sha512-xiVWA2vTL3jQeuZ+yebXAtwIeEbh/13RAFxvRq0YxeUc02RBOGyC9eyDKXjwlN0uxPtnEwWxsELkSwnaH5kxjg==

"@toruslabs/fetch-node-details@^2.0.1":
  version "2.0.1"
  resolved "https://registry.yarnpkg.com/@toruslabs/fetch-node-details/-/fetch-node-details-2.0.1.tgz#7caa15c54a2ace9f41fe0bb36babeb092be19d70"
  integrity sha512-1rm0tO9bMms7qtvwtY8Znz6lOhqtaXe0TEgFvcceYJjkgU8HAMcYZDriooanDiHrdZ0DDvY4GypKVDidmZSBTw==
  dependencies:
    web3-eth-contract "^1.2.5"
    web3-utils "^1.2.5"

"@toruslabs/torus-embed@^0.2.14":
  version "0.2.14"
  resolved "https://registry.yarnpkg.com/@toruslabs/torus-embed/-/torus-embed-0.2.14.tgz#cf2a01f5553c8e86b28f3b487da39d094f8d7266"
  integrity sha512-c/AVy2FzvukVceNzAUcO8f500fl6wR+nfavUfD+BMq8qhka5uMKwdyxda21wVudgwdgfcIu+SDga8iDlY+W1bQ==
  dependencies:
    "@chaitanyapotti/random-id" "^1.0.3"
    "@toruslabs/fetch-node-details" "^2.0.1"
    "@toruslabs/torus.js" "^1.0.6"
    eth-json-rpc-errors "^2.0.1"
    fast-deep-equal "^3.1.1"
    json-rpc-engine "^5.1.6"
    json-rpc-middleware-stream "^2.1.1"
    loglevel "^1.6.6"
    obj-multiplex "^1.0.0"
    obs-store "^4.0.3"
    post-message-stream "^3.0.0"
    pump "^3.0.0"
    readable-stream "^3.5.0"
    safe-event-emitter "^1.0.1"
    sri-toolbox "^0.2.0"
    through2 "^3.0.1"
    web3 "^0.20.7"

"@toruslabs/torus.js@^1.0.6":
  version "1.0.6"
  resolved "https://registry.yarnpkg.com/@toruslabs/torus.js/-/torus.js-1.0.6.tgz#b8ad8b47c49946072695db537234811b82c70bf0"
  integrity sha512-5vC3e5Q4J1I7NvGaTpnb3i77/88i/x5dS5b1I0HYZaBYhHbixWOCHisCWie7PuHh3/oSG66qiJiiCw0Y4xyp5g==
  dependencies:
    bn.js "^5.1.1"
    eccrypto "^1.1.3"
    elliptic "^6.5.2"
    json-stable-stringify "^1.0.1"
    loglevel "^1.6.6"
    web3-utils "^1.2.5"

"@types/bn.js@^4.11.4":
  version "4.11.6"
  resolved "https://registry.yarnpkg.com/@types/bn.js/-/bn.js-4.11.6.tgz#c306c70d9358aaea33cd4eda092a742b9505967c"
  integrity sha512-pqr857jrp2kPuO9uRjZ3PwnJTjoQy+fcdxvBTvHm6dkmEL9q+hDD/2j/0ELOBPtPnS8LjCX0gI9nbl8lVkadpg==
  dependencies:
    "@types/node" "*"

"@types/node@*":
  version "13.7.0"
  resolved "https://registry.yarnpkg.com/@types/node/-/node-13.7.0.tgz#b417deda18cf8400f278733499ad5547ed1abec4"
  integrity sha512-GnZbirvmqZUzMgkFn70c74OQpTTUcCzlhQliTzYjQMqg+hVKcDnxdL19Ne3UdYzdMA/+W3eb646FWn/ZaT1NfQ==

"@types/node@^10.3.2":
  version "10.17.14"
  resolved "https://registry.yarnpkg.com/@types/node/-/node-10.17.14.tgz#b6c60ebf2fb5e4229fdd751ff9ddfae0f5f31541"
  integrity sha512-G0UmX5uKEmW+ZAhmZ6PLTQ5eu/VPaT+d/tdLd5IFsKRPcbe6lPxocBtcYBFSaLaCW8O60AX90e91Nsp8lVHCNw==

"@types/node@^12.6.1":
  version "12.12.26"
  resolved "https://registry.yarnpkg.com/@types/node/-/node-12.12.26.tgz#213e153babac0ed169d44a6d919501e68f59dea9"
  integrity sha512-UmUm94/QZvU5xLcUlNR8hA7Ac+fGpO1EG/a8bcWVz0P0LqtxFmun9Y2bbtuckwGboWJIT70DoWq1r3hb56n3DA==

"@web3-js/websocket@^1.0.29":
  version "1.0.30"
  resolved "https://registry.yarnpkg.com/@web3-js/websocket/-/websocket-1.0.30.tgz#9ea15b7b582cf3bf3e8bc1f4d3d54c0731a87f87"
  integrity sha512-fDwrD47MiDrzcJdSeTLF75aCcxVVt8B1N74rA+vh2XCAvFy4tEWJjtnUtj2QG7/zlQ6g9cQ88bZFBxwd9/FmtA==
  dependencies:
    debug "^2.2.0"
    es5-ext "^0.10.50"
    nan "^2.14.0"
    typedarray-to-buffer "^3.1.5"
    yaeti "^0.0.6"

acorn@7.1.0:
  version "7.1.0"
  resolved "https://registry.yarnpkg.com/acorn/-/acorn-7.1.0.tgz#949d36f2c292535da602283586c2477c57eb2d6c"
  integrity sha512-kL5CuoXA/dgxlBbVrflsflzQ3PAas7RYZB52NOm/6839iVYJgKMJ3cQJD+t2i5+qFa8h3MDpEOJiS64E8JLnSQ==

aes-js@3.0.0:
  version "3.0.0"
  resolved "https://registry.yarnpkg.com/aes-js/-/aes-js-3.0.0.tgz#e21df10ad6c2053295bcbb8dab40b09dbea87e4d"
  integrity sha1-4h3xCtbCBTKVvLuNq0Cwnb6ofk0=

any-promise@1.3.0:
  version "1.3.0"
  resolved "https://registry.yarnpkg.com/any-promise/-/any-promise-1.3.0.tgz#abc6afeedcea52e809cdc0376aed3ce39635d17f"
  integrity sha1-q8av7tzqUugJzcA3au0845Y10X8=

async@^2.0.1:
  version "2.6.3"
  resolved "https://registry.yarnpkg.com/async/-/async-2.6.3.tgz#d72625e2344a3656e3a3ad4fa749fa83299d82ff"
  integrity sha512-zflvls11DCy+dQWzTW2dzuilv8Z5X/pjfmZOWba6TNIVDm+2UDaJmXSOXlasHKfNBs8oo3M0aT50fDEWfKZjXg==
  dependencies:
    lodash "^4.17.14"

"bignumber.js@git+https://github.com/frozeman/bignumber.js-nolookahead.git":
  version "2.0.7"
  resolved "git+https://github.com/frozeman/bignumber.js-nolookahead.git#57692b3ecfc98bbdd6b3a516cb2353652ea49934"

bindings@^1.5.0:
  version "1.5.0"
  resolved "https://registry.yarnpkg.com/bindings/-/bindings-1.5.0.tgz#10353c9e945334bc0511a6d90b38fbc7c9c504df"
  integrity sha512-p2q/t/mhvuOj/UeLlV6566GD/guowlr0hHxClI0W9m7MWYkL1F0hLo+0Aexs9HSPCtR1SXQ0TD3MMKrXZajbiQ==
  dependencies:
    file-uri-to-path "1.0.0"

bip66@^1.1.5:
  version "1.1.5"
  resolved "https://registry.yarnpkg.com/bip66/-/bip66-1.1.5.tgz#01fa8748785ca70955d5011217d1b3139969ca22"
  integrity sha1-AfqHSHhcpwlV1QESF9GzE5lpyiI=
  dependencies:
    safe-buffer "^5.0.1"

bn.js@4.11.6:
  version "4.11.6"
  resolved "https://registry.yarnpkg.com/bn.js/-/bn.js-4.11.6.tgz#53344adb14617a13f6e8dd2ce28905d1c0ba3215"
  integrity sha1-UzRK2xRhehP26N0s4okF0cC6MhU=

bn.js@4.11.8, bn.js@^4.11.6, bn.js@^4.11.8, bn.js@^4.4.0:
  version "4.11.8"
  resolved "https://registry.yarnpkg.com/bn.js/-/bn.js-4.11.8.tgz#2cde09eb5ee341f484746bb0309b3253b1b1442f"
  integrity sha512-ItfYfPLkWHUjckQCk8xC+LwxgK8NYcXywGigJgSwOP8Y2iyWT4f2vsZnoOXTTbo+o5yXmIUJ4gn5538SO5S3gA==

bn.js@^5.1.1:
  version "5.1.1"
  resolved "https://registry.yarnpkg.com/bn.js/-/bn.js-5.1.1.tgz#48efc4031a9c4041b9c99c6941d903463ab62eb5"
  integrity sha512-IUTD/REb78Z2eodka1QZyyEk66pciRcP6Sroka0aI3tG/iwIdYLrBD62RsubR7vqdt3WyX8p4jxeatzmRSphtA==

brorand@^1.0.1:
  version "1.1.0"
  resolved "https://registry.yarnpkg.com/brorand/-/brorand-1.1.0.tgz#12c25efe40a45e3c323eb8675a0a0ce57b22371f"
  integrity sha1-EsJe/kCkXjwyPrhnWgoM5XsiNx8=

browserify-aes@^1.0.6:
  version "1.2.0"
  resolved "https://registry.yarnpkg.com/browserify-aes/-/browserify-aes-1.2.0.tgz#326734642f403dabc3003209853bb70ad428ef48"
  integrity sha512-+7CHXqGuspUn/Sl5aO7Ea0xWGAtETPXNSAjHo48JfLdPWcMng33Xe4znFvQweqc/uzk5zSOI3H52CYnjCfb5hA==
  dependencies:
    buffer-xor "^1.0.3"
    cipher-base "^1.0.0"
    create-hash "^1.1.0"
    evp_bytestokey "^1.0.3"
    inherits "^2.0.1"
    safe-buffer "^5.0.1"

buffer-to-arraybuffer@^0.0.5:
  version "0.0.5"
  resolved "https://registry.yarnpkg.com/buffer-to-arraybuffer/-/buffer-to-arraybuffer-0.0.5.tgz#6064a40fa76eb43c723aba9ef8f6e1216d10511a"
  integrity sha1-YGSkD6dutDxyOrqe+PbhIW0QURo=

buffer-xor@^1.0.3:
  version "1.0.3"
  resolved "https://registry.yarnpkg.com/buffer-xor/-/buffer-xor-1.0.3.tgz#26e61ed1422fb70dd42e6e36729ed51d855fe8d9"
  integrity sha1-JuYe0UIvtw3ULm42cp7VHYVf6Nk=

cipher-base@^1.0.0, cipher-base@^1.0.1, cipher-base@^1.0.3:
  version "1.0.4"
  resolved "https://registry.yarnpkg.com/cipher-base/-/cipher-base-1.0.4.tgz#8760e4ecc272f4c363532f926d874aae2c1397de"
  integrity sha512-Kkht5ye6ZGmwv40uUDZztayT2ThLQGfnj/T71N/XzeZeo3nf8foyW7zGTsPYkEya3m5f3cAypH+qe7YOrM1U2Q==
  dependencies:
    inherits "^2.0.1"
    safe-buffer "^5.0.1"

cookiejar@^2.1.1:
  version "2.1.2"
  resolved "https://registry.yarnpkg.com/cookiejar/-/cookiejar-2.1.2.tgz#dd8a235530752f988f9a0844f3fc589e3111125c"
  integrity sha512-Mw+adcfzPxcPeI+0WlvRrr/3lGVO0bD75SxX6811cxSh1Wbxx7xZBGK1eVtDf6si8rg2lhnUjsVLMFMfbRIuwA==

core-util-is@~1.0.0:
  version "1.0.2"
  resolved "https://registry.yarnpkg.com/core-util-is/-/core-util-is-1.0.2.tgz#b5fd54220aa2bc5ab57aab7140c940754503c1a7"
  integrity sha1-tf1UIgqivFq1eqtxQMlAdUUDwac=

create-hash@^1.1.0, create-hash@^1.1.2, create-hash@^1.2.0:
  version "1.2.0"
  resolved "https://registry.yarnpkg.com/create-hash/-/create-hash-1.2.0.tgz#889078af11a63756bcfb59bd221996be3a9ef196"
  integrity sha512-z00bCGNHDG8mHAkP7CtT1qVu+bFQUPjYq/4Iv3C3kWjTFV10zIjfSoeqXo9Asws8gwSHDGj/hl2u4OGIjapeCg==
  dependencies:
    cipher-base "^1.0.1"
    inherits "^2.0.1"
    md5.js "^1.3.4"
    ripemd160 "^2.0.1"
    sha.js "^2.4.0"

create-hmac@^1.1.4:
  version "1.1.7"
  resolved "https://registry.yarnpkg.com/create-hmac/-/create-hmac-1.1.7.tgz#69170c78b3ab957147b2b8b04572e47ead2243ff"
  integrity sha512-MJG9liiZ+ogc4TzUwuvbER1JRdgvUFSB5+VR/g5h82fGaIRWMWddtKBHi7/sVhfjQZ6SehlyhvQYrcYkaUIpLg==
  dependencies:
    cipher-base "^1.0.3"
    create-hash "^1.1.0"
    inherits "^2.0.1"
    ripemd160 "^2.0.0"
    safe-buffer "^5.0.1"
    sha.js "^2.4.8"

crypto-js@^3.1.4:
  version "3.1.8"
  resolved "https://registry.yarnpkg.com/crypto-js/-/crypto-js-3.1.8.tgz#715f070bf6014f2ae992a98b3929258b713f08d5"
  integrity sha1-cV8HC/YBTyrpkqmLOSkli3E/CNU=

d@1, d@^1.0.1:
  version "1.0.1"
  resolved "https://registry.yarnpkg.com/d/-/d-1.0.1.tgz#8698095372d58dbee346ffd0c7093f99f8f9eb5a"
  integrity sha512-m62ShEObQ39CfralilEQRjH6oAMtNCV1xJyEx5LpRYUVN+EviphDgUc/F3hnYbADmkiNs67Y+3ylmlG7Lnu+FA==
  dependencies:
    es5-ext "^0.10.50"
    type "^1.0.1"

debug@^2.2.0:
  version "2.6.9"
  resolved "https://registry.yarnpkg.com/debug/-/debug-2.6.9.tgz#5d128515df134ff327e90a4c93f4e077a536341f"
  integrity sha512-bC7ElrdJaJnPbAP+1EotYvqZsb3ecl5wi6Bfi6BJTUcNowp6cvspg0jXznRTKDjm/E7AdgFBVeAPVMNcKGsHMA==
  dependencies:
    ms "2.0.0"

decode-uri-component@^0.2.0:
  version "0.2.0"
  resolved "https://registry.yarnpkg.com/decode-uri-component/-/decode-uri-component-0.2.0.tgz#eb3913333458775cb84cd1a1fae062106bb87545"
  integrity sha1-6zkTMzRYd1y4TNGh+uBiEGu4dUU=

decompress-response@^3.3.0:
  version "3.3.0"
  resolved "https://registry.yarnpkg.com/decompress-response/-/decompress-response-3.3.0.tgz#80a4dd323748384bfa248083622aedec982adff3"
  integrity sha1-gKTdMjdIOEv6JICDYirt7Jgq3/M=
  dependencies:
    mimic-response "^1.0.0"

dom-walk@^0.1.0:
  version "0.1.1"
  resolved "https://registry.yarnpkg.com/dom-walk/-/dom-walk-0.1.1.tgz#672226dc74c8f799ad35307df936aba11acd6018"
  integrity sha1-ZyIm3HTI95mtNTB9+TaroRrNYBg=

drbg.js@^1.0.1:
  version "1.0.1"
  resolved "https://registry.yarnpkg.com/drbg.js/-/drbg.js-1.0.1.tgz#3e36b6c42b37043823cdbc332d58f31e2445480b"
  integrity sha1-Pja2xCs3BDgjzbwzLVjzHiRFSAs=
  dependencies:
    browserify-aes "^1.0.6"
    create-hash "^1.1.2"
    create-hmac "^1.1.4"

eccrypto@^1.1.3:
  version "1.1.3"
  resolved "https://registry.yarnpkg.com/eccrypto/-/eccrypto-1.1.3.tgz#010cb4e9d239ce9752b82c0ac6d8af207fffaf3e"
  integrity sha512-Xtyj039Xp2NDZwoe9IcD7pT1EwM4DILdxPCN2H7Rk1wgJNtTkFpk+cpX1QpuHTMaIhkatOBlGGKzGw/DUCDdqg==
  dependencies:
    acorn "7.1.0"
    elliptic "6.5.1"
    es6-promise "4.2.8"
    nan "2.14.0"
  optionalDependencies:
    secp256k1 "3.7.1"

elliptic@6.3.3:
  version "6.3.3"
  resolved "https://registry.yarnpkg.com/elliptic/-/elliptic-6.3.3.tgz#5482d9646d54bcb89fd7d994fc9e2e9568876e3f"
  integrity sha1-VILZZG1UvLif19mU/J4ulWiHbj8=
  dependencies:
    bn.js "^4.4.0"
    brorand "^1.0.1"
    hash.js "^1.0.0"
    inherits "^2.0.1"

elliptic@6.5.1:
  version "6.5.1"
  resolved "https://registry.yarnpkg.com/elliptic/-/elliptic-6.5.1.tgz#c380f5f909bf1b9b4428d028cd18d3b0efd6b52b"
  integrity sha512-xvJINNLbTeWQjrl6X+7eQCrIy/YPv5XCpKW6kB5mKvtnGILoLDcySuwomfdzt0BMdLNVnuRNTuzKNHj0bva1Cg==
  dependencies:
    bn.js "^4.4.0"
    brorand "^1.0.1"
    hash.js "^1.0.0"
    hmac-drbg "^1.0.0"
    inherits "^2.0.1"
    minimalistic-assert "^1.0.0"
    minimalistic-crypto-utils "^1.0.0"

elliptic@^6.4.0, elliptic@^6.4.1, elliptic@^6.5.2:
  version "6.5.2"
  resolved "https://registry.yarnpkg.com/elliptic/-/elliptic-6.5.2.tgz#05c5678d7173c049d8ca433552224a495d0e3762"
  integrity sha512-f4x70okzZbIQl/NSRLkI/+tteV/9WqL98zx+SQ69KbXxmVrmjwsNUPn/gYJJ0sHvEak24cZgHIPegRePAtA/xw==
  dependencies:
    bn.js "^4.4.0"
    brorand "^1.0.1"
    hash.js "^1.0.0"
    hmac-drbg "^1.0.0"
    inherits "^2.0.1"
    minimalistic-assert "^1.0.0"
    minimalistic-crypto-utils "^1.0.0"

end-of-stream@^1.1.0, end-of-stream@^1.4.0:
  version "1.4.4"
  resolved "https://registry.yarnpkg.com/end-of-stream/-/end-of-stream-1.4.4.tgz#5ae64a5f45057baf3626ec14da0ca5e4b2431eb0"
  integrity sha512-+uw1inIHVPQoaVuHzRyXd21icM+cnt4CzD5rW+NC1wjOUSTOs+Te7FOv7AhN7vS9x/oIyhLP5PR1H+phQAHu5Q==
  dependencies:
    once "^1.4.0"

es5-ext@^0.10.35, es5-ext@^0.10.50:
  version "0.10.53"
  resolved "https://registry.yarnpkg.com/es5-ext/-/es5-ext-0.10.53.tgz#93c5a3acfdbef275220ad72644ad02ee18368de1"
  integrity sha512-Xs2Stw6NiNHWypzRTY1MtaG/uJlwCk8kH81920ma8mvN8Xq1gsfhZvpkImLQArw8AHnv8MT2I45J3c0R8slE+Q==
  dependencies:
    es6-iterator "~2.0.3"
    es6-symbol "~3.1.3"
    next-tick "~1.0.0"

es6-iterator@~2.0.3:
  version "2.0.3"
  resolved "https://registry.yarnpkg.com/es6-iterator/-/es6-iterator-2.0.3.tgz#a7de889141a05a94b0854403b2d0a0fbfa98f3b7"
  integrity sha1-p96IkUGgWpSwhUQDstCg+/qY87c=
  dependencies:
    d "1"
    es5-ext "^0.10.35"
    es6-symbol "^3.1.1"

es6-promise@4.2.8:
  version "4.2.8"
  resolved "https://registry.yarnpkg.com/es6-promise/-/es6-promise-4.2.8.tgz#4eb21594c972bc40553d276e510539143db53e0a"
  integrity sha512-HJDGx5daxeIvxdBxvG2cb9g4tEvwIk3i8+nhX0yGrYmZUzbkdg8QbDevheDB8gd0//uPj4c1EQua8Q+MViT0/w==

es6-symbol@^3.1.1, es6-symbol@~3.1.3:
  version "3.1.3"
  resolved "https://registry.yarnpkg.com/es6-symbol/-/es6-symbol-3.1.3.tgz#bad5d3c1bcdac28269f4cb331e431c78ac705d18"
  integrity sha512-NJ6Yn3FuDinBaBRWl/q5X/s4koRHBrgKAu+yGI6JCBeiu3qrcbJhwT2GeR/EXVfylRk8dpQVJoLEFhK+Mu31NA==
  dependencies:
    d "^1.0.1"
    ext "^1.1.2"

eth-json-rpc-errors@^2.0.0:
  version "2.0.0"
  resolved "https://registry.yarnpkg.com/eth-json-rpc-errors/-/eth-json-rpc-errors-2.0.0.tgz#bdc19df8b80a820844709193372f0d75fb74fed8"
  integrity sha512-casdSTVOxbC3ptfUdclJRvU0Sgmdm/QtezLku8l4iVR5wNFe+KF+tfnlm2I84xxpx7mkyyHeeUxmRkcB5Os6mw==
  dependencies:
    fast-safe-stringify "^2.0.6"

eth-json-rpc-errors@^2.0.1:
  version "2.0.1"
  resolved "https://registry.yarnpkg.com/eth-json-rpc-errors/-/eth-json-rpc-errors-2.0.1.tgz#e7a4c4e3c76913dff26dbc021966c72b2822e0f2"
  integrity sha512-ldF9fdzkdHAgTWmqh/bgHi7uH+8icAyjcEdFOBGD32zTWd7J66VDo0rBaiaQPowXitiyAcs1R23Mje1gkdIofA==
  dependencies:
    fast-safe-stringify "^2.0.6"

eth-lib@0.2.7:
  version "0.2.7"
  resolved "https://registry.yarnpkg.com/eth-lib/-/eth-lib-0.2.7.tgz#2f93f17b1e23aec3759cd4a3fe20c1286a3fc1ca"
  integrity sha1-L5Pxex4jrsN1nNSj/iDBKGo/wco=
  dependencies:
    bn.js "^4.11.6"
    elliptic "^6.4.0"
    xhr-request-promise "^0.1.2"

ethereum-bloom-filters@^1.0.6:
  version "1.0.6"
  resolved "https://registry.yarnpkg.com/ethereum-bloom-filters/-/ethereum-bloom-filters-1.0.6.tgz#9cdebb3ec20de96ec4a434c6bad6ea5a513037aa"
  integrity sha512-dE9CGNzgOOsdh7msZirvv8qjHtnHpvBlKe2647kM8v+yeF71IRso55jpojemvHV+jMjr48irPWxMRaHuOWzAFA==
  dependencies:
    js-sha3 "^0.8.0"

ethers@4.0.0-beta.3:
  version "4.0.0-beta.3"
  resolved "https://registry.yarnpkg.com/ethers/-/ethers-4.0.0-beta.3.tgz#15bef14e57e94ecbeb7f9b39dd0a4bd435bc9066"
  integrity sha512-YYPogooSknTwvHg3+Mv71gM/3Wcrx+ZpCzarBj3mqs9njjRkrOo2/eufzhHloOCo3JSoNI4TQJJ6yU5ABm3Uog==
  dependencies:
    "@types/node" "^10.3.2"
    aes-js "3.0.0"
    bn.js "^4.4.0"
    elliptic "6.3.3"
    hash.js "1.1.3"
    js-sha3 "0.5.7"
    scrypt-js "2.0.3"
    setimmediate "1.0.4"
    uuid "2.0.1"
    xmlhttprequest "1.8.0"

ethjs-unit@0.1.6:
  version "0.1.6"
  resolved "https://registry.yarnpkg.com/ethjs-unit/-/ethjs-unit-0.1.6.tgz#c665921e476e87bce2a9d588a6fe0405b2c41699"
  integrity sha1-xmWSHkduh7ziqdWIpv4EBbLEFpk=
  dependencies:
    bn.js "4.11.6"
    number-to-bn "1.7.0"

eventemitter3@3.1.2:
  version "3.1.2"
  resolved "https://registry.yarnpkg.com/eventemitter3/-/eventemitter3-3.1.2.tgz#2d3d48f9c346698fce83a85d7d664e98535df6e7"
  integrity sha512-tvtQIeLVHjDkJYnzf2dgVMxfuSGJeM/7UCG17TT4EumTfNtF+0nebF/4zWOIkCreAbtNqhGEboB6BWrwqNaw4Q==

events@^3.0.0:
  version "3.0.0"
  resolved "https://registry.yarnpkg.com/events/-/events-3.0.0.tgz#9a0a0dfaf62893d92b875b8f2698ca4114973e88"
  integrity sha512-Dc381HFWJzEOhQ+d8pkNon++bk9h6cdAoAj4iE6Q4y6xgTzySWXlKn05/TVNpjnfRqi/X0EpJEJohPjNI3zpVA==

evp_bytestokey@^1.0.3:
  version "1.0.3"
  resolved "https://registry.yarnpkg.com/evp_bytestokey/-/evp_bytestokey-1.0.3.tgz#7fcbdb198dc71959432efe13842684e0525acb02"
  integrity sha512-/f2Go4TognH/KvCISP7OUsHn85hT9nUkxxA9BEWxFn+Oj9o8ZNLm/40hdlgSLyuOimsrTKLUMEorQexp/aPQeA==
  dependencies:
    md5.js "^1.3.4"
    safe-buffer "^5.1.1"

ext@^1.1.2:
  version "1.4.0"
  resolved "https://registry.yarnpkg.com/ext/-/ext-1.4.0.tgz#89ae7a07158f79d35517882904324077e4379244"
  integrity sha512-Key5NIsUxdqKg3vIsdw9dSuXpPCQ297y6wBjL30edxwPgt2E44WcWBZey/ZvUc6sERLTxKdyCu4gZFmUbk1Q7A==
  dependencies:
    type "^2.0.0"

fast-deep-equal@^3.1.1:
  version "3.1.1"
  resolved "https://registry.yarnpkg.com/fast-deep-equal/-/fast-deep-equal-3.1.1.tgz#545145077c501491e33b15ec408c294376e94ae4"
  integrity sha512-8UEa58QDLauDNfpbrX55Q9jrGHThw2ZMdOky5Gl1CDtVeJDPVrG4Jxx1N8jw2gkWaff5UUuX1KJd+9zGe2B+ZA==

fast-safe-stringify@^2.0.6:
  version "2.0.7"
  resolved "https://registry.yarnpkg.com/fast-safe-stringify/-/fast-safe-stringify-2.0.7.tgz#124aa885899261f68aedb42a7c080de9da608743"
  integrity sha512-Utm6CdzT+6xsDk2m8S6uL8VHxNwI6Jub+e9NYTcAms28T84pTa25GJQV9j0CY0N1rM8hK4x6grpF2BQf+2qwVA==

file-uri-to-path@1.0.0:
  version "1.0.0"
  resolved "https://registry.yarnpkg.com/file-uri-to-path/-/file-uri-to-path-1.0.0.tgz#553a7b8446ff6f684359c445f1e37a05dacc33dd"
  integrity sha512-0Zt+s3L7Vf1biwWZ29aARiVYLx7iMGnEUl9x33fbB/j3jR81u/O2LbqK+Bm1CDSNDKVtJ/YjwY7TUd5SkeLQLw==

global@~4.3.0:
  version "4.3.2"
  resolved "https://registry.yarnpkg.com/global/-/global-4.3.2.tgz#e76989268a6c74c38908b1305b10fc0e394e9d0f"
  integrity sha1-52mJJopsdMOJCLEwWxD8DjlOnQ8=
  dependencies:
    min-document "^2.19.0"
    process "~0.5.1"

hash-base@^3.0.0:
  version "3.0.4"
  resolved "https://registry.yarnpkg.com/hash-base/-/hash-base-3.0.4.tgz#5fc8686847ecd73499403319a6b0a3f3f6ae4918"
  integrity sha1-X8hoaEfs1zSZQDMZprCj8/auSRg=
  dependencies:
    inherits "^2.0.1"
    safe-buffer "^5.0.1"

hash.js@1.1.3:
  version "1.1.3"
  resolved "https://registry.yarnpkg.com/hash.js/-/hash.js-1.1.3.tgz#340dedbe6290187151c1ea1d777a3448935df846"
  integrity sha512-/UETyP0W22QILqS+6HowevwhEFJ3MBJnwTf75Qob9Wz9t0DPuisL8kW8YZMK62dHAKE1c1p+gY1TtOLY+USEHA==
  dependencies:
    inherits "^2.0.3"
    minimalistic-assert "^1.0.0"

hash.js@^1.0.0, hash.js@^1.0.3:
  version "1.1.7"
  resolved "https://registry.yarnpkg.com/hash.js/-/hash.js-1.1.7.tgz#0babca538e8d4ee4a0f8988d68866537a003cf42"
  integrity sha512-taOaskGt4z4SOANNseOviYDvjEJinIkRgmp7LbKP2YTTmVxWBl87s/uzK9r+44BclBSp2X7K1hqeNfz9JbBeXA==
  dependencies:
    inherits "^2.0.3"
    minimalistic-assert "^1.0.1"

hmac-drbg@^1.0.0:
  version "1.0.1"
  resolved "https://registry.yarnpkg.com/hmac-drbg/-/hmac-drbg-1.0.1.tgz#d2745701025a6c775a6c545793ed502fc0c649a1"
  integrity sha1-0nRXAQJabHdabFRXk+1QL8DGSaE=
  dependencies:
    hash.js "^1.0.3"
    minimalistic-assert "^1.0.0"
    minimalistic-crypto-utils "^1.0.1"

http-https@^1.0.0:
  version "1.0.0"
  resolved "https://registry.yarnpkg.com/http-https/-/http-https-1.0.0.tgz#2f908dd5f1db4068c058cd6e6d4ce392c913389b"
  integrity sha1-L5CN1fHbQGjAWM1ubUzjkskTOJs=

inherits@^2.0.1, inherits@^2.0.3, inherits@~2.0.3:
  version "2.0.4"
  resolved "https://registry.yarnpkg.com/inherits/-/inherits-2.0.4.tgz#0fa2c64f932917c3433a0ded55363aae37416b7c"
  integrity sha512-k/vGaX4/Yla3WzyMCvTQOXYeIHvqOKtnqBduzTHpzpQZzAskKMhZ2K+EnBiSM9zGSoIFeMpXKxa4dYeZIQqewQ==

is-fn@^1.0.0:
  version "1.0.0"
  resolved "https://registry.yarnpkg.com/is-fn/-/is-fn-1.0.0.tgz#9543d5de7bcf5b08a22ec8a20bae6e286d510d8c"
  integrity sha1-lUPV3nvPWwiiLsiiC65uKG1RDYw=

is-function@^1.0.1:
  version "1.0.1"
  resolved "https://registry.yarnpkg.com/is-function/-/is-function-1.0.1.tgz#12cfb98b65b57dd3d193a3121f5f6e2f437602b5"
  integrity sha1-Es+5i2W1fdPRk6MSH19uL0N2ArU=

is-hex-prefixed@1.0.0:
  version "1.0.0"
  resolved "https://registry.yarnpkg.com/is-hex-prefixed/-/is-hex-prefixed-1.0.0.tgz#7d8d37e6ad77e5d127148913c573e082d777f554"
  integrity sha1-fY035q135dEnFIkTxXPggtd39VQ=

is-typedarray@^1.0.0:
  version "1.0.0"
  resolved "https://registry.yarnpkg.com/is-typedarray/-/is-typedarray-1.0.0.tgz#e479c80858df0c1b11ddda6940f96011fcda4a9a"
  integrity sha1-5HnICFjfDBsR3dppQPlgEfzaSpo=

isarray@~1.0.0:
  version "1.0.0"
  resolved "https://registry.yarnpkg.com/isarray/-/isarray-1.0.0.tgz#bb935d48582cba168c06834957a54a3e07124f11"
  integrity sha1-u5NdSFgsuhaMBoNJV6VKPgcSTxE=

js-sha3@0.5.7:
  version "0.5.7"
  resolved "https://registry.yarnpkg.com/js-sha3/-/js-sha3-0.5.7.tgz#0d4ffd8002d5333aabaf4a23eed2f6374c9f28e7"
  integrity sha1-DU/9gALVMzqrr0oj7tL2N0yfKOc=

js-sha3@^0.8.0:
  version "0.8.0"
  resolved "https://registry.yarnpkg.com/js-sha3/-/js-sha3-0.8.0.tgz#b9b7a5da73afad7dedd0f8c463954cbde6818840"
  integrity sha512-gF1cRrHhIzNfToc802P800N8PpXS+evLLXfsVpowqmAFR9uwbi89WvXg2QspOmXL8QL86J4T1EpFu+yUkwJY3Q==

json-rpc-engine@^5.1.6:
  version "5.1.6"
  resolved "https://registry.yarnpkg.com/json-rpc-engine/-/json-rpc-engine-5.1.6.tgz#3823c1e227657ac5f22a36351db5bb76fa70cf38"
  integrity sha512-9nDeIIu6o7cvzWRrHNuNi+TiGe+YWOp3ZQkHtpPnQzXuX8Y5ZU2Oot3FDI+DaQyXIqQ6SjtM6rixDOJTjjA8NA==
  dependencies:
    async "^2.0.1"
    eth-json-rpc-errors "^2.0.0"
    promise-to-callback "^1.0.0"
    safe-event-emitter "^1.0.1"

json-rpc-middleware-stream@^2.1.1:
  version "2.1.1"
  resolved "https://registry.yarnpkg.com/json-rpc-middleware-stream/-/json-rpc-middleware-stream-2.1.1.tgz#06e5409e201e7ddeae47bef29f7059eafd4d5325"
  integrity sha512-WZheufPN+/RKkjXQP3lK5tFYblqG0n+oYv5qpammwwY2vsJRB7mM4Txhr4ajzvYEZi1UkENnplrmaYiqaqafaA==
  dependencies:
    readable-stream "^2.3.3"
    safe-event-emitter "^1.0.1"

json-stable-stringify@^1.0.1:
  version "1.0.1"
  resolved "https://registry.yarnpkg.com/json-stable-stringify/-/json-stable-stringify-1.0.1.tgz#9a759d39c5f2ff503fd5300646ed445f88c4f9af"
  integrity sha1-mnWdOcXy/1A/1TAGRu1EX4jE+a8=
  dependencies:
    jsonify "~0.0.0"

jsonify@~0.0.0:
  version "0.0.0"
  resolved "https://registry.yarnpkg.com/jsonify/-/jsonify-0.0.0.tgz#2c74b6ee41d93ca51b7b5aaee8f503631d252a73"
  integrity sha1-LHS27kHZPKUbe1qu6PUDYx0lKnM=

lodash@^4.17.14:
  version "4.17.15"
  resolved "https://registry.yarnpkg.com/lodash/-/lodash-4.17.15.tgz#b447f6670a0455bbfeedd11392eff330ea097548"
  integrity sha512-8xOcRHvCjnocdS5cpwXQXVzmmh5e5+saE2QGoeQmbKmRS6J3VQppPOIt0MnmE+4xlZoumy0GPG0D0MVIQbNA1A==

loglevel@^1.6.6:
  version "1.6.6"
  resolved "https://registry.yarnpkg.com/loglevel/-/loglevel-1.6.6.tgz#0ee6300cc058db6b3551fa1c4bf73b83bb771312"
  integrity sha512-Sgr5lbboAUBo3eXCSPL4/KoVz3ROKquOjcctxmHIt+vol2DrqTQe3SwkKKuYhEiWB5kYa13YyopJ69deJ1irzQ==

md5.js@^1.3.4:
  version "1.3.5"
  resolved "https://registry.yarnpkg.com/md5.js/-/md5.js-1.3.5.tgz#b5d07b8e3216e3e27cd728d72f70d1e6a342005f"
  integrity sha512-xitP+WxNPcTTOgnTJcrhM0xvdPepipPSf3I8EIpGKeFLjt3PlJLIDG3u8EX53ZIubkb+5U2+3rELYpEhHhzdkg==
  dependencies:
    hash-base "^3.0.0"
    inherits "^2.0.1"
    safe-buffer "^5.1.2"

mimic-response@^1.0.0:
  version "1.0.1"
  resolved "https://registry.yarnpkg.com/mimic-response/-/mimic-response-1.0.1.tgz#4923538878eef42063cb8a3e3b0798781487ab1b"
  integrity sha512-j5EctnkH7amfV/q5Hgmoal1g2QHFJRraOtmx0JpIqkxhBhI/lJSl1nMpQ45hVarwNETOoWEimndZ4QK0RHxuxQ==

min-document@^2.19.0:
  version "2.19.0"
  resolved "https://registry.yarnpkg.com/min-document/-/min-document-2.19.0.tgz#7bd282e3f5842ed295bb748cdd9f1ffa2c824685"
  integrity sha1-e9KC4/WELtKVu3SM3Z8f+iyCRoU=
  dependencies:
    dom-walk "^0.1.0"

minimalistic-assert@^1.0.0, minimalistic-assert@^1.0.1:
  version "1.0.1"
  resolved "https://registry.yarnpkg.com/minimalistic-assert/-/minimalistic-assert-1.0.1.tgz#2e194de044626d4a10e7f7fbc00ce73e83e4d5c7"
  integrity sha512-UtJcAD4yEaGtjPezWuO9wC4nwUnVH/8/Im3yEHQP4b67cXlD/Qr9hdITCU1xDbSEXg2XKNaP8jsReV7vQd00/A==

minimalistic-crypto-utils@^1.0.0, minimalistic-crypto-utils@^1.0.1:
  version "1.0.1"
  resolved "https://registry.yarnpkg.com/minimalistic-crypto-utils/-/minimalistic-crypto-utils-1.0.1.tgz#f6c00c1c0b082246e5c4d99dfb8c7c083b2b582a"
  integrity sha1-9sAMHAsIIkblxNmd+4x8CDsrWCo=

ms@2.0.0:
  version "2.0.0"
  resolved "https://registry.yarnpkg.com/ms/-/ms-2.0.0.tgz#5608aeadfc00be6c2901df5f9861788de0d597c8"
  integrity sha1-VgiurfwAvmwpAd9fmGF4jeDVl8g=

nan@2.14.0, nan@^2.14.0:
  version "2.14.0"
  resolved "https://registry.yarnpkg.com/nan/-/nan-2.14.0.tgz#7818f722027b2459a86f0295d434d1fc2336c52c"
  integrity sha512-INOFj37C7k3AfaNTtX8RhsTw7qRy7eLET14cROi9+5HAVbbHuIWUHEauBv5qT4Av2tWasiTY1Jw6puUNqRJXQg==

next-tick@~1.0.0:
  version "1.0.0"
  resolved "https://registry.yarnpkg.com/next-tick/-/next-tick-1.0.0.tgz#ca86d1fe8828169b0120208e3dc8424b9db8342c"
  integrity sha1-yobR/ogoFpsBICCOPchCS524NCw=

number-to-bn@1.7.0:
  version "1.7.0"
  resolved "https://registry.yarnpkg.com/number-to-bn/-/number-to-bn-1.7.0.tgz#bb3623592f7e5f9e0030b1977bd41a0c53fe1ea0"
  integrity sha1-uzYjWS9+X54AMLGXe9QaDFP+HqA=
  dependencies:
    bn.js "4.11.6"
    strip-hex-prefix "1.0.0"

obj-multiplex@^1.0.0:
  version "1.0.0"
  resolved "https://registry.yarnpkg.com/obj-multiplex/-/obj-multiplex-1.0.0.tgz#2f2ae6bfd4ae11befe742ea9ea5b36636eabffc1"
  integrity sha1-Lyrmv9SuEb7+dC6p6ls2Y26r/8E=
  dependencies:
    end-of-stream "^1.4.0"
    once "^1.4.0"
    readable-stream "^2.3.3"

object-assign@^4.1.0, object-assign@^4.1.1:
  version "4.1.1"
  resolved "https://registry.yarnpkg.com/object-assign/-/object-assign-4.1.1.tgz#2109adc7965887cfc05cbbd442cac8bfbb360863"
  integrity sha1-IQmtx5ZYh8/AXLvUQsrIv7s2CGM=

oboe@2.1.4:
  version "2.1.4"
  resolved "https://registry.yarnpkg.com/oboe/-/oboe-2.1.4.tgz#20c88cdb0c15371bb04119257d4fdd34b0aa49f6"
  integrity sha1-IMiM2wwVNxuwQRklfU/dNLCqSfY=
  dependencies:
    http-https "^1.0.0"

obs-store@^4.0.3:
  version "4.0.3"
  resolved "https://registry.yarnpkg.com/obs-store/-/obs-store-4.0.3.tgz#b632ec7814baa604fae084a4c97e87c0b7a6d14c"
  integrity sha512-+mm13kCRDv6IcvUDKTw0LIy5+dQhIktYaR/RwwZUFzOTi/fjMaNBnk42Adb94qZqJ00qWkjhQSZH7MXlKnTi8A==
  dependencies:
    readable-stream "^2.2.2"
    safe-event-emitter "^1.0.1"
    through2 "^2.0.3"
    xtend "^4.0.1"

once@^1.3.1, once@^1.4.0:
  version "1.4.0"
  resolved "https://registry.yarnpkg.com/once/-/once-1.4.0.tgz#583b1aa775961d4b113ac17d9c50baef9dd76bd1"
  integrity sha1-WDsap3WWHUsROsF9nFC6753Xa9E=
  dependencies:
    wrappy "1"

parse-headers@^2.0.0:
  version "2.0.3"
  resolved "https://registry.yarnpkg.com/parse-headers/-/parse-headers-2.0.3.tgz#5e8e7512383d140ba02f0c7aa9f49b4399c92515"
  integrity sha512-QhhZ+DCCit2Coi2vmAKbq5RGTRcQUOE2+REgv8vdyu7MnYx2eZztegqtTx99TZ86GTIwqiy3+4nQTWZ2tgmdCA==

post-message-stream@^3.0.0:
  version "3.0.0"
  resolved "https://registry.yarnpkg.com/post-message-stream/-/post-message-stream-3.0.0.tgz#90d9f54bd209e6b6f5d74795b87588205b547048"
  integrity sha1-kNn1S9IJ5rb110eVuHWIIFtUcEg=
  dependencies:
    readable-stream "^2.1.4"

process-nextick-args@~2.0.0:
  version "2.0.1"
  resolved "https://registry.yarnpkg.com/process-nextick-args/-/process-nextick-args-2.0.1.tgz#7820d9b16120cc55ca9ae7792680ae7dba6d7fe2"
  integrity sha512-3ouUOpQhtgrbOa17J7+uxOTpITYWaGP7/AhoR3+A+/1e9skrzelGi/dXzEYyvbxubEF6Wn2ypscTKiKJFFn1ag==

process@~0.5.1:
  version "0.5.2"
  resolved "https://registry.yarnpkg.com/process/-/process-0.5.2.tgz#1638d8a8e34c2f440a91db95ab9aeb677fc185cf"
  integrity sha1-FjjYqONML0QKkduVq5rrZ3/Bhc8=

promise-to-callback@^1.0.0:
  version "1.0.0"
  resolved "https://registry.yarnpkg.com/promise-to-callback/-/promise-to-callback-1.0.0.tgz#5d2a749010bfb67d963598fcd3960746a68feef7"
  integrity sha1-XSp0kBC/tn2WNZj805YHRqaP7vc=
  dependencies:
    is-fn "^1.0.0"
    set-immediate-shim "^1.0.1"

pump@^3.0.0:
  version "3.0.0"
  resolved "https://registry.yarnpkg.com/pump/-/pump-3.0.0.tgz#b4a2116815bde2f4e1ea602354e8c75565107a64"
  integrity sha512-LwZy+p3SFs1Pytd/jYct4wpv49HiYCqd9Rlc5ZVdk0V+8Yzv6jR5Blk3TRmPL1ft69TxP0IMZGJ+WPFU2BFhww==
  dependencies:
    end-of-stream "^1.1.0"
    once "^1.3.1"

query-string@^5.0.1:
  version "5.1.1"
  resolved "https://registry.yarnpkg.com/query-string/-/query-string-5.1.1.tgz#a78c012b71c17e05f2e3fa2319dd330682efb3cb"
  integrity sha512-gjWOsm2SoGlgLEdAGt7a6slVOk9mGiXmPFMqrEhLQ68rhQuBnpfs3+EmlvqKyxnCo9/PPlF+9MtY02S1aFg+Jw==
  dependencies:
    decode-uri-component "^0.2.0"
    object-assign "^4.1.0"
    strict-uri-encode "^1.0.0"

randombytes@^2.1.0:
  version "2.1.0"
  resolved "https://registry.yarnpkg.com/randombytes/-/randombytes-2.1.0.tgz#df6f84372f0270dc65cdf6291349ab7a473d4f2a"
  integrity sha512-vYl3iOX+4CKUWuxGi9Ukhie6fsqXqS9FE2Zaic4tNFD2N2QQaXOMFbuKK4QmDHC0JO6B1Zp41J0LpT0oR68amQ==
  dependencies:
    safe-buffer "^5.1.0"

"readable-stream@2 || 3":
  version "3.4.0"
  resolved "https://registry.yarnpkg.com/readable-stream/-/readable-stream-3.4.0.tgz#a51c26754658e0a3c21dbf59163bd45ba6f447fc"
  integrity sha512-jItXPLmrSR8jmTRmRWJXCnGJsfy85mB3Wd/uINMXA65yrnFo0cPClFIUWzo2najVNSl+mx7/4W8ttlLWJe99pQ==
  dependencies:
    inherits "^2.0.3"
    string_decoder "^1.1.1"
    util-deprecate "^1.0.1"

readable-stream@^2.1.4, readable-stream@^2.2.2, readable-stream@^2.3.3, readable-stream@~2.3.6:
  version "2.3.6"
  resolved "https://registry.yarnpkg.com/readable-stream/-/readable-stream-2.3.6.tgz#b11c27d88b8ff1fbe070643cf94b0c79ae1b0aaf"
  integrity sha512-tQtKA9WIAhBF3+VLAseyMqZeBjW0AHJoxOtYqSUZNJxauErmLbVm2FW1y+J/YA9dUrAC39ITejlZWhVIwawkKw==
  dependencies:
    core-util-is "~1.0.0"
    inherits "~2.0.3"
    isarray "~1.0.0"
    process-nextick-args "~2.0.0"
    safe-buffer "~5.1.1"
    string_decoder "~1.1.1"
    util-deprecate "~1.0.1"

readable-stream@^3.5.0:
  version "3.5.0"
  resolved "https://registry.yarnpkg.com/readable-stream/-/readable-stream-3.5.0.tgz#465d70e6d1087f6162d079cd0b5db7fbebfd1606"
  integrity sha512-gSz026xs2LfxBPudDuI41V1lka8cxg64E66SGe78zJlsUofOg/yqwezdIcdfwik6B4h8LFmWPA9ef9X3FiNFLA==
  dependencies:
    inherits "^2.0.3"
    string_decoder "^1.1.1"
    util-deprecate "^1.0.1"

ripemd160@^2.0.0, ripemd160@^2.0.1:
  version "2.0.2"
  resolved "https://registry.yarnpkg.com/ripemd160/-/ripemd160-2.0.2.tgz#a1c1a6f624751577ba5d07914cbc92850585890c"
  integrity sha512-ii4iagi25WusVoiC4B4lq7pbXfAp3D9v5CwfkY33vffw2+pkDjY1D8GaN7spsxvCSx8dkPqOZCEZyfxcmJG2IA==
  dependencies:
    hash-base "^3.0.0"
    inherits "^2.0.1"

safe-buffer@^5.0.1, safe-buffer@^5.1.0, safe-buffer@^5.1.1, safe-buffer@^5.1.2, safe-buffer@~5.2.0:
  version "5.2.0"
  resolved "https://registry.yarnpkg.com/safe-buffer/-/safe-buffer-5.2.0.tgz#b74daec49b1148f88c64b68d49b1e815c1f2f519"
  integrity sha512-fZEwUGbVl7kouZs1jCdMLdt95hdIv0ZeHg6L7qPeciMZhZ+/gdesW4wgTARkrFWEpspjEATAzUGPG8N2jJiwbg==

safe-buffer@~5.1.0, safe-buffer@~5.1.1:
  version "5.1.2"
  resolved "https://registry.yarnpkg.com/safe-buffer/-/safe-buffer-5.1.2.tgz#991ec69d296e0313747d59bdfd2b745c35f8828d"
  integrity sha512-Gd2UZBJDkXlY7GbJxfsE8/nvKkUEU1G38c1siN6QP6a9PT9MmHB8GnpscSmMJSoF8LOIrt8ud/wPtojys4G6+g==

safe-event-emitter@^1.0.1:
  version "1.0.1"
  resolved "https://registry.yarnpkg.com/safe-event-emitter/-/safe-event-emitter-1.0.1.tgz#5b692ef22329ed8f69fdce607e50ca734f6f20af"
  integrity sha512-e1wFe99A91XYYxoQbcq2ZJUWurxEyP8vfz7A7vuUe1s95q8r5ebraVaA1BukYJcpM6V16ugWoD9vngi8Ccu5fg==
  dependencies:
    events "^3.0.0"

scrypt-js@2.0.3:
  version "2.0.3"
  resolved "https://registry.yarnpkg.com/scrypt-js/-/scrypt-js-2.0.3.tgz#bb0040be03043da9a012a2cea9fc9f852cfc87d4"
  integrity sha1-uwBAvgMEPamgEqLOqfyfhSz8h9Q=

secp256k1@3.7.1:
  version "3.7.1"
  resolved "https://registry.yarnpkg.com/secp256k1/-/secp256k1-3.7.1.tgz#12e473e0e9a7c2f2d4d4818e722ad0e14cc1e2f1"
  integrity sha512-1cf8sbnRreXrQFdH6qsg2H71Xw91fCCS9Yp021GnUNJzWJS/py96fS4lHbnTnouLp08Xj6jBoBB6V78Tdbdu5g==
  dependencies:
    bindings "^1.5.0"
    bip66 "^1.1.5"
    bn.js "^4.11.8"
    create-hash "^1.2.0"
    drbg.js "^1.0.1"
    elliptic "^6.4.1"
    nan "^2.14.0"
    safe-buffer "^5.1.2"

set-immediate-shim@^1.0.1:
  version "1.0.1"
  resolved "https://registry.yarnpkg.com/set-immediate-shim/-/set-immediate-shim-1.0.1.tgz#4b2b1b27eb808a9f8dcc481a58e5e56f599f3f61"
  integrity sha1-SysbJ+uAip+NzEgaWOXlb1mfP2E=

setimmediate@1.0.4:
  version "1.0.4"
  resolved "https://registry.yarnpkg.com/setimmediate/-/setimmediate-1.0.4.tgz#20e81de622d4a02588ce0c8da8973cbcf1d3138f"
  integrity sha1-IOgd5iLUoCWIzgyNqJc8vPHTE48=

sha.js@^2.4.0, sha.js@^2.4.8:
  version "2.4.11"
  resolved "https://registry.yarnpkg.com/sha.js/-/sha.js-2.4.11.tgz#37a5cf0b81ecbc6943de109ba2960d1b26584ae7"
  integrity sha512-QMEp5B7cftE7APOjk5Y6xgrbWu+WkLVQwk8JNjZ8nKRciZaByEW6MubieAiToS7+dwvrjGhH8jRXz3MVd0AYqQ==
  dependencies:
    inherits "^2.0.1"
    safe-buffer "^5.0.1"

simple-concat@^1.0.0:
  version "1.0.0"
  resolved "https://registry.yarnpkg.com/simple-concat/-/simple-concat-1.0.0.tgz#7344cbb8b6e26fb27d66b2fc86f9f6d5997521c6"
  integrity sha1-c0TLuLbib7J9ZrL8hvn21Zl1IcY=

simple-get@^2.7.0:
  version "2.8.1"
  resolved "https://registry.yarnpkg.com/simple-get/-/simple-get-2.8.1.tgz#0e22e91d4575d87620620bc91308d57a77f44b5d"
  integrity sha512-lSSHRSw3mQNUGPAYRqo7xy9dhKmxFXIjLjp4KHpf99GEH2VH7C3AM+Qfx6du6jhfUi6Vm7XnbEVEf7Wb6N8jRw==
  dependencies:
    decompress-response "^3.3.0"
    once "^1.3.1"
    simple-concat "^1.0.0"

sri-toolbox@^0.2.0:
  version "0.2.0"
  resolved "https://registry.yarnpkg.com/sri-toolbox/-/sri-toolbox-0.2.0.tgz#a7fea5c3fde55e675cf1c8c06f3ebb5c2935835e"
  integrity sha1-p/6lw/3lXmdc8cjAbz67XCk1g14=

strict-uri-encode@^1.0.0:
  version "1.1.0"
  resolved "https://registry.yarnpkg.com/strict-uri-encode/-/strict-uri-encode-1.1.0.tgz#279b225df1d582b1f54e65addd4352e18faa0713"
  integrity sha1-J5siXfHVgrH1TmWt3UNS4Y+qBxM=

string_decoder@^1.1.1:
  version "1.3.0"
  resolved "https://registry.yarnpkg.com/string_decoder/-/string_decoder-1.3.0.tgz#42f114594a46cf1a8e30b0a84f56c78c3edac21e"
  integrity sha512-hkRX8U1WjJFd8LsDJ2yQ/wWWxaopEsABU1XfkM8A+j0+85JAGppt16cr1Whg6KIbb4okU6Mql6BOj+uup/wKeA==
  dependencies:
    safe-buffer "~5.2.0"

string_decoder@~1.1.1:
  version "1.1.1"
  resolved "https://registry.yarnpkg.com/string_decoder/-/string_decoder-1.1.1.tgz#9cf1611ba62685d7030ae9e4ba34149c3af03fc8"
  integrity sha512-n/ShnvDi6FHbbVfviro+WojiFzv+s8MPMHBczVePfUpDJLwoLT0ht1l4YwBCbi8pJAveEEdnkHyPyTP/mzRfwg==
  dependencies:
    safe-buffer "~5.1.0"

strip-hex-prefix@1.0.0:
  version "1.0.0"
  resolved "https://registry.yarnpkg.com/strip-hex-prefix/-/strip-hex-prefix-1.0.0.tgz#0c5f155fef1151373377de9dbb588da05500e36f"
  integrity sha1-DF8VX+8RUTczd96du1iNoFUA428=
  dependencies:
    is-hex-prefixed "1.0.0"

through2@^2.0.3:
  version "2.0.5"
  resolved "https://registry.yarnpkg.com/through2/-/through2-2.0.5.tgz#01c1e39eb31d07cb7d03a96a70823260b23132cd"
  integrity sha512-/mrRod8xqpA+IHSLyGCQ2s8SPHiCDEeQJSep1jqLYeEUClOFG2Qsh+4FU6G9VeqpZnGW/Su8LQGc4YKni5rYSQ==
  dependencies:
    readable-stream "~2.3.6"
    xtend "~4.0.1"

through2@^3.0.1:
  version "3.0.1"
  resolved "https://registry.yarnpkg.com/through2/-/through2-3.0.1.tgz#39276e713c3302edf9e388dd9c812dd3b825bd5a"
  integrity sha512-M96dvTalPT3YbYLaKaCuwu+j06D/8Jfib0o/PxbVt6Amhv3dUAtW6rTV1jPgJSBG83I/e04Y6xkVdVhSRhi0ww==
  dependencies:
    readable-stream "2 || 3"

timed-out@^4.0.1:
  version "4.0.1"
  resolved "https://registry.yarnpkg.com/timed-out/-/timed-out-4.0.1.tgz#f32eacac5a175bea25d7fab565ab3ed8741ef56f"
  integrity sha1-8y6srFoXW+ol1/q1Zas+2HQe9W8=

type@^1.0.1:
  version "1.2.0"
  resolved "https://registry.yarnpkg.com/type/-/type-1.2.0.tgz#848dd7698dafa3e54a6c479e759c4bc3f18847a0"
  integrity sha512-+5nt5AAniqsCnu2cEQQdpzCAh33kVx8n0VoFidKpB1dVVLAN/F+bgVOqOJqOnEnrhp222clB5p3vUlD+1QAnfg==

type@^2.0.0:
  version "2.0.0"
  resolved "https://registry.yarnpkg.com/type/-/type-2.0.0.tgz#5f16ff6ef2eb44f260494dae271033b29c09a9c3"
  integrity sha512-KBt58xCHry4Cejnc2ISQAF7QY+ORngsWfxezO68+12hKV6lQY8P/psIkcbjeHWn7MqcgciWJyCCevFMJdIXpow==

typedarray-to-buffer@^3.1.5:
  version "3.1.5"
  resolved "https://registry.yarnpkg.com/typedarray-to-buffer/-/typedarray-to-buffer-3.1.5.tgz#a97ee7a9ff42691b9f783ff1bc5112fe3fca9080"
  integrity sha512-zdu8XMNEDepKKR+XYOXAVPtWui0ly0NtohUscw+UmaHiAWT8hrV1rr//H6V+0DvJ3OQ19S979M0laLfX8rm82Q==
  dependencies:
    is-typedarray "^1.0.0"

underscore@1.9.1:
  version "1.9.1"
  resolved "https://registry.yarnpkg.com/underscore/-/underscore-1.9.1.tgz#06dce34a0e68a7babc29b365b8e74b8925203961"
  integrity sha512-5/4etnCkd9c8gwgowi5/om/mYO5ajCaOgdzj/oW+0eQV9WxKBDZw5+ycmKmeaTXjInS/W0BzpGLo2xR2aBwZdg==

url-set-query@^1.0.0:
  version "1.0.0"
  resolved "https://registry.yarnpkg.com/url-set-query/-/url-set-query-1.0.0.tgz#016e8cfd7c20ee05cafe7795e892bd0702faa339"
  integrity sha1-AW6M/Xwg7gXK/neV6JK9BwL6ozk=

utf8@3.0.0:
  version "3.0.0"
  resolved "https://registry.yarnpkg.com/utf8/-/utf8-3.0.0.tgz#f052eed1364d696e769ef058b183df88c87f69d1"
  integrity sha512-E8VjFIQ/TyQgp+TZfS6l8yp/xWppSAHzidGiRrqe4bK4XP9pTRyKFgGJpO3SN7zdX4DeomTrwaseCHovfpFcqQ==

utf8@^2.1.1:
  version "2.1.2"
  resolved "https://registry.yarnpkg.com/utf8/-/utf8-2.1.2.tgz#1fa0d9270e9be850d9b05027f63519bf46457d96"
  integrity sha1-H6DZJw6b6FDZsFAn9jUZv0ZFfZY=

util-deprecate@^1.0.1, util-deprecate@~1.0.1:
  version "1.0.2"
  resolved "https://registry.yarnpkg.com/util-deprecate/-/util-deprecate-1.0.2.tgz#450d4dc9fa70de732762fbd2d4a28981419a0ccf"
  integrity sha1-RQ1Nyfpw3nMnYvvS1KKJgUGaDM8=

uuid@2.0.1:
  version "2.0.1"
  resolved "https://registry.yarnpkg.com/uuid/-/uuid-2.0.1.tgz#c2a30dedb3e535d72ccf82e343941a50ba8533ac"
  integrity sha1-wqMN7bPlNdcsz4LjQ5QaULqFM6w=

web3-core-helpers@1.2.6:
  version "1.2.6"
  resolved "https://registry.yarnpkg.com/web3-core-helpers/-/web3-core-helpers-1.2.6.tgz#7aacd25bf8015adcdfc0f3243d0dcfdff0373f7d"
  integrity sha512-gYKWmC2HmO7RcDzpo4L1K8EIoy5L8iubNDuTC6q69UxczwqKF/Io0kbK/1Z10Av++NlzOSiuyGp2gc4t4UOsDw==
  dependencies:
    underscore "1.9.1"
    web3-eth-iban "1.2.6"
    web3-utils "1.2.6"

web3-core-method@1.2.6:
  version "1.2.6"
  resolved "https://registry.yarnpkg.com/web3-core-method/-/web3-core-method-1.2.6.tgz#f5a3e4d304abaf382923c8ab88ec8eeef45c1b3b"
  integrity sha512-r2dzyPEonqkBg7Mugq5dknhV5PGaZTHBZlS/C+aMxNyQs3T3eaAsCTqlQDitwNUh/sUcYPEGF0Vo7ahYK4k91g==
  dependencies:
    underscore "1.9.1"
    web3-core-helpers "1.2.6"
    web3-core-promievent "1.2.6"
    web3-core-subscriptions "1.2.6"
    web3-utils "1.2.6"

web3-core-promievent@1.2.6:
  version "1.2.6"
  resolved "https://registry.yarnpkg.com/web3-core-promievent/-/web3-core-promievent-1.2.6.tgz#b1550a3a4163e48b8b704c1fe4b0084fc2dad8f5"
  integrity sha512-km72kJef/qtQNiSjDJJVHIZvoVOm6ytW3FCYnOcCs7RIkviAb5JYlPiye0o4pJOLzCXYID7DK7Q9bhY8qWb1lw==
  dependencies:
    any-promise "1.3.0"
    eventemitter3 "3.1.2"

web3-core-requestmanager@1.2.6:
  version "1.2.6"
  resolved "https://registry.yarnpkg.com/web3-core-requestmanager/-/web3-core-requestmanager-1.2.6.tgz#5808c0edc0d6e2991a87b65508b3a1ab065b68ec"
  integrity sha512-QU2cbsj9Dm0r6om40oSwk8Oqbp3wTa08tXuMpSmeOTkGZ3EMHJ1/4LiJ8shwg1AvPMrKVU0Nri6+uBNCdReZ+g==
  dependencies:
    underscore "1.9.1"
    web3-core-helpers "1.2.6"
    web3-providers-http "1.2.6"
    web3-providers-ipc "1.2.6"
    web3-providers-ws "1.2.6"

web3-core-subscriptions@1.2.6:
  version "1.2.6"
  resolved "https://registry.yarnpkg.com/web3-core-subscriptions/-/web3-core-subscriptions-1.2.6.tgz#9d44189e2321f8f1abc31f6c09103b5283461b57"
  integrity sha512-M0PzRrP2Ct13x3wPulFtc5kENH4UtnPxO9YxkfQlX2WRKENWjt4Rfq+BCVGYEk3rTutDfWrjfzjmqMRvXqEY5Q==
  dependencies:
    eventemitter3 "3.1.2"
    underscore "1.9.1"
    web3-core-helpers "1.2.6"

web3-core@1.2.6:
  version "1.2.6"
  resolved "https://registry.yarnpkg.com/web3-core/-/web3-core-1.2.6.tgz#bb42a1d7ae49a7258460f0d95ddb00906f59ef92"
  integrity sha512-y/QNBFtr5cIR8vxebnotbjWJpOnO8LDYEAzZjeRRUJh2ijmhjoYk7dSNx9ExgC0UCfNFRoNCa9dGRu/GAxwRlw==
  dependencies:
    "@types/bn.js" "^4.11.4"
    "@types/node" "^12.6.1"
    web3-core-helpers "1.2.6"
    web3-core-method "1.2.6"
    web3-core-requestmanager "1.2.6"
    web3-utils "1.2.6"

web3-eth-abi@1.2.6:
  version "1.2.6"
  resolved "https://registry.yarnpkg.com/web3-eth-abi/-/web3-eth-abi-1.2.6.tgz#b495383cc5c0d8e2857b26e7fe25606685983b25"
  integrity sha512-w9GAyyikn8nSifSDZxAvU9fxtQSX+W2xQWMmrtTXmBGCaE4/ywKOSPAO78gq8AoU4Wq5yqVGKZLLbfpt7/sHlA==
  dependencies:
    ethers "4.0.0-beta.3"
    underscore "1.9.1"
    web3-utils "1.2.6"

web3-eth-contract@^1.2.5:
  version "1.2.6"
  resolved "https://registry.yarnpkg.com/web3-eth-contract/-/web3-eth-contract-1.2.6.tgz#39111543960035ed94c597a239cf5aa1da796741"
  integrity sha512-ak4xbHIhWgsbdPCkSN+HnQc1SH4c856y7Ly+S57J/DQVzhFZemK5HvWdpwadJrQTcHET3ZeId1vq3kmW7UYodw==
  dependencies:
    "@types/bn.js" "^4.11.4"
    underscore "1.9.1"
    web3-core "1.2.6"
    web3-core-helpers "1.2.6"
    web3-core-method "1.2.6"
    web3-core-promievent "1.2.6"
    web3-core-subscriptions "1.2.6"
    web3-eth-abi "1.2.6"
    web3-utils "1.2.6"

web3-eth-iban@1.2.6:
  version "1.2.6"
  resolved "https://registry.yarnpkg.com/web3-eth-iban/-/web3-eth-iban-1.2.6.tgz#0b22191fd1aa6e27f7ef0820df75820bfb4ed46b"
  integrity sha512-TPMc3BW9Iso7H+9w+ytbqHK9wgOmtocyCD3PaAe5Eie50KQ/j7ThA60dGJnxItVo6yyRv5pZAYxPVob9x/fJlg==
  dependencies:
    bn.js "4.11.8"
    web3-utils "1.2.6"

web3-providers-http@1.2.6:
  version "1.2.6"
  resolved "https://registry.yarnpkg.com/web3-providers-http/-/web3-providers-http-1.2.6.tgz#3c7b1252751fb37e53b873fce9dbb6340f5e31d9"
  integrity sha512-2+SaFCspb5f82QKuHB3nEPQOF9iSWxRf7c18fHtmnLNVkfG9SwLN1zh67bYn3tZGUdOI3gj8aX4Uhfpwx9Ezpw==
  dependencies:
    web3-core-helpers "1.2.6"
    xhr2-cookies "1.1.0"

web3-providers-ipc@1.2.6:
  version "1.2.6"
  resolved "https://registry.yarnpkg.com/web3-providers-ipc/-/web3-providers-ipc-1.2.6.tgz#adabab5ac66b3ff8a26c7dc97af3f1a6a7609701"
  integrity sha512-b0Es+/GTZyk5FG3SgUDW+2/mBwJAXWt5LuppODptiOas8bB2khLjG6+Gm1K4uwOb+1NJGPt5mZZ8Wi7vibtQ+A==
  dependencies:
    oboe "2.1.4"
    underscore "1.9.1"
    web3-core-helpers "1.2.6"

web3-providers-ws@1.2.6:
  version "1.2.6"
  resolved "https://registry.yarnpkg.com/web3-providers-ws/-/web3-providers-ws-1.2.6.tgz#3cecc49f7c99f07a75076d3c54247050bc4f7e11"
  integrity sha512-20waSYX+gb5M5yKhug5FIwxBBvkKzlJH7sK6XEgdOx6BZ9YYamLmvg9wcRVtnSZO8hV/3cWenO/tRtTrHVvIgQ==
  dependencies:
    "@web3-js/websocket" "^1.0.29"
    underscore "1.9.1"
    web3-core-helpers "1.2.6"

web3-utils@1.2.6, web3-utils@^1.2.5:
  version "1.2.6"
  resolved "https://registry.yarnpkg.com/web3-utils/-/web3-utils-1.2.6.tgz#b9a25432da00976457fcc1094c4af8ac6d486db9"
  integrity sha512-8/HnqG/l7dGmKMgEL9JeKPTtjScxOePTzopv5aaKFExPfaBrYRkgoMqhoowCiAl/s16QaTn4DoIF1QC4YsT7Mg==
  dependencies:
    bn.js "4.11.8"
    eth-lib "0.2.7"
    ethereum-bloom-filters "^1.0.6"
    ethjs-unit "0.1.6"
    number-to-bn "1.7.0"
    randombytes "^2.1.0"
    underscore "1.9.1"
    utf8 "3.0.0"

web3@^0.20.7:
  version "0.20.7"
  resolved "https://registry.yarnpkg.com/web3/-/web3-0.20.7.tgz#1605e6d81399ed6f85a471a4f3da0c8be57df2f7"
  integrity sha512-VU6/DSUX93d1fCzBz7WP/SGCQizO1rKZi4Px9j/3yRyfssHyFcZamMw2/sj4E8TlfMXONvZLoforR8B4bRoyTQ==
  dependencies:
    bignumber.js "git+https://github.com/frozeman/bignumber.js-nolookahead.git"
    crypto-js "^3.1.4"
    utf8 "^2.1.1"
    xhr2-cookies "^1.1.0"
    xmlhttprequest "*"

wrappy@1:
  version "1.0.2"
  resolved "https://registry.yarnpkg.com/wrappy/-/wrappy-1.0.2.tgz#b5243d8f3ec1aa35f1364605bc0d1036e30ab69f"
  integrity sha1-tSQ9jz7BqjXxNkYFvA0QNuMKtp8=

xhr-request-promise@^0.1.2:
  version "0.1.2"
  resolved "https://registry.yarnpkg.com/xhr-request-promise/-/xhr-request-promise-0.1.2.tgz#343c44d1ee7726b8648069682d0f840c83b4261d"
  integrity sha1-NDxE0e53JrhkgGloLQ+EDIO0Jh0=
  dependencies:
    xhr-request "^1.0.1"

xhr-request@^1.0.1:
  version "1.1.0"
  resolved "https://registry.yarnpkg.com/xhr-request/-/xhr-request-1.1.0.tgz#f4a7c1868b9f198723444d82dcae317643f2e2ed"
  integrity sha512-Y7qzEaR3FDtL3fP30k9wO/e+FBnBByZeybKOhASsGP30NIkRAAkKD/sCnLvgEfAIEC1rcmK7YG8f4oEnIrrWzA==
  dependencies:
    buffer-to-arraybuffer "^0.0.5"
    object-assign "^4.1.1"
    query-string "^5.0.1"
    simple-get "^2.7.0"
    timed-out "^4.0.1"
    url-set-query "^1.0.0"
    xhr "^2.0.4"

xhr2-cookies@1.1.0, xhr2-cookies@^1.1.0:
  version "1.1.0"
  resolved "https://registry.yarnpkg.com/xhr2-cookies/-/xhr2-cookies-1.1.0.tgz#7d77449d0999197f155cb73b23df72505ed89d48"
  integrity sha1-fXdEnQmZGX8VXLc7I99yUF7YnUg=
  dependencies:
    cookiejar "^2.1.1"

xhr@^2.0.4:
  version "2.5.0"
  resolved "https://registry.yarnpkg.com/xhr/-/xhr-2.5.0.tgz#bed8d1676d5ca36108667692b74b316c496e49dd"
  integrity sha512-4nlO/14t3BNUZRXIXfXe+3N6w3s1KoxcJUUURctd64BLRe67E4gRwp4PjywtDY72fXpZ1y6Ch0VZQRY/gMPzzQ==
  dependencies:
    global "~4.3.0"
    is-function "^1.0.1"
    parse-headers "^2.0.0"
    xtend "^4.0.0"

xmlhttprequest@*, xmlhttprequest@1.8.0:
  version "1.8.0"
  resolved "https://registry.yarnpkg.com/xmlhttprequest/-/xmlhttprequest-1.8.0.tgz#67fe075c5c24fef39f9d65f5f7b7fe75171968fc"
  integrity sha1-Z/4HXFwk/vOfnWX197f+dRcZaPw=

xtend@^4.0.0, xtend@^4.0.1, xtend@~4.0.1:
  version "4.0.2"
  resolved "https://registry.yarnpkg.com/xtend/-/xtend-4.0.2.tgz#bb72779f5fa465186b1f438f674fa347fdb5db54"
  integrity sha512-LKYU1iAXJXUgAXn9URjiu+MWhyUXHsvfp7mcuYm9dSUKK0/CjtrUwFAxD82/mCWbtLsGjFIad0wIsod4zrTAEQ==

yaeti@^0.0.6:
  version "0.0.6"
  resolved "https://registry.yarnpkg.com/yaeti/-/yaeti-0.0.6.tgz#f26f484d72684cf42bedfb76970aa1608fbf9577"
  integrity sha1-8m9ITXJoTPQr7ft2lwqhYI+/lXc=
