# THIS IS AN AUTOGENERATED FILE. DO NOT EDIT THIS FILE DIRECTLY.
# yarn lockfile v1


"@web3-react/types@^8.0.17-beta.0":
  version "8.0.17-beta.0"
  resolved "https://registry.yarnpkg.com/@web3-react/types/-/types-8.0.17-beta.0.tgz#a7a2898065a67a0e574572f49a73d39879e75676"
  integrity sha512-5zh+BrykylyN29P18/rNPFVVOI4Go/jYLwl5a/55eb5X1wgCfPU62ZBiVeKIOWBCwJ558uie31p909xJjeE2ig==
  dependencies:
    zustand "^4.0.0-rc.0"

use-sync-external-store@1.1.0:
  version "1.1.0"
  resolved "https://registry.yarnpkg.com/use-sync-external-store/-/use-sync-external-store-1.1.0.tgz#3343c3fe7f7e404db70f8c687adf5c1652d34e82"
  integrity sha512-SEnieB2FPKEVne66NpXPd1Np4R1lTNKfjuy3XdIoPQKYBAFdzbzSZlSn1KJZUiihQLQC5Znot4SBz1EOTBwQAQ==

zustand@^4.0.0-rc.0:
  version "4.0.0-rc.1"
  resolved "https://registry.yarnpkg.com/zustand/-/zustand-4.0.0-rc.1.tgz#ec30a3afc03728adec7e1bd7bcc3592176372201"
  integrity sha512-qgcs7zLqBdHu0PuT3GW4WCIY5SgXdsv30GQMu9Qpp1BA2aS+sNS8l4x0hWuyEhjXkN+701aGWawhKDv6oWJAcw==
  dependencies:
    use-sync-external-store "1.1.0"
