# THIS IS AN AUTOGENERATED FILE. DO NOT EDIT THIS FILE DIRECTLY.
# yarn lockfile v1


"@json-rpc-tools/provider@^1.5.5":
  version "1.7.6"
  resolved "https://registry.yarnpkg.com/@json-rpc-tools/provider/-/provider-1.7.6.tgz#8a17c34c493fa892632e278fd9331104e8491ec6"
  integrity sha512-z7D3xvJ33UfCGv77n40lbzOYjZKVM3k2+5cV7xS8G6SCvKTzMkhkUYuD/qzQUNT4cG/lv0e9mRToweEEVLVVmA==
  dependencies:
    "@json-rpc-tools/utils" "^1.7.6"
    axios "^0.21.0"
    safe-json-utils "^1.1.1"
    ws "^7.4.0"

"@json-rpc-tools/types@^1.7.6":
  version "1.7.6"
  resolved "https://registry.yarnpkg.com/@json-rpc-tools/types/-/types-1.7.6.tgz#5abd5fde01364a130c46093b501715bcce5bdc0e"
  integrity sha512-nDSqmyRNEqEK9TZHtM15uNnDljczhCUdBmRhpNZ95bIPKEDQ+nTDmGMFd2lLin3upc5h2VVVd9tkTDdbXUhDIQ==
  dependencies:
    keyvaluestorage-interface "^1.0.0"

"@json-rpc-tools/utils@^1.7.6":
  version "1.7.6"
  resolved "https://registry.yarnpkg.com/@json-rpc-tools/utils/-/utils-1.7.6.tgz#67f04987dbaa2e7adb6adff1575367b75a9a9ba1"
  integrity sha512-HjA8x/U/Q78HRRe19yh8HVKoZ+Iaoo3YZjakJYxR+rw52NHo6jM+VE9b8+7ygkCFXl/EHID5wh/MkXaE/jGyYw==
  dependencies:
    "@json-rpc-tools/types" "^1.7.6"
    "@pedrouid/environment" "^1.0.1"

"@pedrouid/environment@^1.0.1":
  version "1.0.1"
  resolved "https://registry.yarnpkg.com/@pedrouid/environment/-/environment-1.0.1.tgz#858f0f8a057340e0b250398b75ead77d6f4342ec"
  integrity sha512-HaW78NszGzRZd9SeoI3JD11JqY+lubnaOx7Pewj5pfjqWXOEATpeKIFb9Z4t2WBUK2iryiXX3lzWwmYWgUL0Ug==

"@walletconnect/browser-utils@^1.5.4":
  version "1.5.4"
  resolved "https://registry.yarnpkg.com/@walletconnect/browser-utils/-/browser-utils-1.5.4.tgz#7f23d3bca0d1e9b64f59b3847f9fc83434547253"
  integrity sha512-09yRcfQRQiDpwf6JY57UQOzFfSOunszcSFDFekV+hz8VdShdKmq02w0hp5c4i9T0dAX+eCHNUtOun+jN6CPIDw==
  dependencies:
    "@walletconnect/safe-json" "1.0.0"
    "@walletconnect/types" "^1.5.4"
    "@walletconnect/window-getters" "1.0.0"
    "@walletconnect/window-metadata" "1.0.0"
    detect-browser "5.2.0"

"@walletconnect/client@^1.5.4":
  version "1.5.4"
  resolved "https://registry.yarnpkg.com/@walletconnect/client/-/client-1.5.4.tgz#ee5db6876d83272ab8d6cdf61bd409aa10e40212"
  integrity sha512-NGslp4HfSBC/pf6QNpH49RQKW0IznqzR4Ooarr23yEcyO8XzOZDfra+Y7mKQkarXAN2O1HHBY3h3VF/C0mlwCw==
  dependencies:
    "@walletconnect/core" "^1.5.4"
    "@walletconnect/iso-crypto" "^1.5.4"
    "@walletconnect/types" "^1.5.4"
    "@walletconnect/utils" "^1.5.4"

"@walletconnect/core@^1.5.4":
  version "1.5.4"
  resolved "https://registry.yarnpkg.com/@walletconnect/core/-/core-1.5.4.tgz#bde2e95583f1a6112d03f27d6709a124e8efca35"
  integrity sha512-jJWKA4fnrjcWaOK/d4ct130Ic8Ycf0ZSgaNMm/9Uh+t6CAFJmY2M3WTUf3UagGZ3+7vAGJwMYVR7NN4k86mfqg==
  dependencies:
    "@walletconnect/socket-transport" "^1.5.4"
    "@walletconnect/types" "^1.5.4"
    "@walletconnect/utils" "^1.5.4"

"@walletconnect/crypto@^1.0.1":
  version "1.0.1"
  resolved "https://registry.yarnpkg.com/@walletconnect/crypto/-/crypto-1.0.1.tgz#d4c1b1cd5dd1be88fe9a82dfc54cadbbb3f9d325"
  integrity sha512-IgUReNrycIFxkGgq8YT9HsosCkhutakWD9Q411PR0aJfxpEa/VKJeaLRtoz6DvJpztWStwhIHnAbBoOVR72a6g==
  dependencies:
    "@walletconnect/encoding" "^1.0.0"
    "@walletconnect/environment" "^1.0.0"
    "@walletconnect/randombytes" "^1.0.1"
    aes-js "^3.1.2"
    hash.js "^1.1.7"

"@walletconnect/encoding@^1.0.0":
  version "1.0.0"
  resolved "https://registry.yarnpkg.com/@walletconnect/encoding/-/encoding-1.0.0.tgz#e24190cb5e803526f9dfd7191fb0e4dc53c6d864"
  integrity sha512-4nkJFnS0QF5JdieG/3VPD1/iEWkLSZ14EBInLZ00RWxmC6EMZrzAeHNAWIgm+xP3NK0lqz+7lEsmWGtcl5gYnQ==
  dependencies:
    is-typedarray "1.0.0"
    typedarray-to-buffer "3.1.5"

"@walletconnect/environment@^1.0.0":
  version "1.0.0"
  resolved "https://registry.yarnpkg.com/@walletconnect/environment/-/environment-1.0.0.tgz#c4545869fa9c389ec88c364e1a5f8178e8ab5034"
  integrity sha512-4BwqyWy6KpSvkocSaV7WR3BlZfrxLbJSLkg+j7Gl6pTDE+U55lLhJvQaMuDVazXYxcjBsG09k7UlH7cGiUI5vQ==

"@walletconnect/ethereum-provider@^1.5.4":
  version "1.5.4"
  resolved "https://registry.yarnpkg.com/@walletconnect/ethereum-provider/-/ethereum-provider-1.5.4.tgz#47e6a636e3508b7a5f6a9224752065f4590b9695"
  integrity sha512-WabZsjSrqQBBpD0V6eLvXQjhnBfYyBODOQK7egIFTeidkX2C5jM1wGnYUW5/Uj5iZ5ZNlkpkXu9j5CEjlhcJ4w==
  dependencies:
    "@walletconnect/client" "^1.5.4"
    "@walletconnect/jsonrpc-http-connection" "^1.0.0"
    "@walletconnect/jsonrpc-provider" "^1.0.0"
    "@walletconnect/signer-connection" "^1.5.4"
    "@walletconnect/types" "^1.5.4"
    "@walletconnect/utils" "^1.5.4"
    eip1193-provider "1.0.1"
    eventemitter3 "4.0.7"

"@walletconnect/iso-crypto@^1.5.4":
  version "1.5.4"
  resolved "https://registry.yarnpkg.com/@walletconnect/iso-crypto/-/iso-crypto-1.5.4.tgz#59c4bbf7337cf1868cb204b14c7dccee4b37c307"
  integrity sha512-mwYyuPzWEvjkVi5DkgAu6aTjf2KMPmlXaIrqBPvGVeuhFrlxf3pYOjunBoxHm/Lnm9a9FQPwkGf6s9DQEl2r1A==
  dependencies:
    "@walletconnect/crypto" "^1.0.1"
    "@walletconnect/types" "^1.5.4"
    "@walletconnect/utils" "^1.5.4"

"@walletconnect/jsonrpc-http-connection@^1.0.0":
  version "1.0.0"
  resolved "https://registry.yarnpkg.com/@walletconnect/jsonrpc-http-connection/-/jsonrpc-http-connection-1.0.0.tgz#5bbdfbaf6d6519b3c08e492a6badb7460ab5ecd0"
  integrity sha512-fmBTox7Zo9Tb8wzKpnOgYl5cYPu+2xXifNMDYMRGkWDAygXBzRzmfdhk7OowCkSXeh8aDhE5eFtMk+u8MOmntg==
  dependencies:
    "@walletconnect/jsonrpc-utils" "^1.0.0"
    "@walletconnect/safe-json" "^1.0.0"
    cross-fetch "^3.1.4"

"@walletconnect/jsonrpc-provider@^1.0.0":
  version "1.0.0"
  resolved "https://registry.yarnpkg.com/@walletconnect/jsonrpc-provider/-/jsonrpc-provider-1.0.0.tgz#066ee5a8a8554c55ea68f9ebf6fe8f96cdb66e7e"
  integrity sha512-ZVe23tYT0LdykZ/denBdkKCjBC13fnpj8MiKFuvUl0idBv1PiYKYJR3LVJHy8+7zk0lBbDH3hBNrbMt/K4kjcw==
  dependencies:
    "@walletconnect/jsonrpc-utils" "^1.0.0"
    "@walletconnect/safe-json" "^1.0.0"

"@walletconnect/jsonrpc-types@^1.0.0":
  version "1.0.0"
  resolved "https://registry.yarnpkg.com/@walletconnect/jsonrpc-types/-/jsonrpc-types-1.0.0.tgz#fa75ad5e8f106a2e33287b1e6833e22ed0225055"
  integrity sha512-11QXNq5H1PKZk7bP8SxgmCw3HRaDuPOVE+wObqEvmhc7OWYUZqfuaaMb+OXGRSOHL3sbC+XHfdeCxFTMXSFyng==
  dependencies:
    keyvaluestorage-interface "^1.0.0"

"@walletconnect/jsonrpc-utils@^1.0.0":
  version "1.0.0"
  resolved "https://registry.yarnpkg.com/@walletconnect/jsonrpc-utils/-/jsonrpc-utils-1.0.0.tgz#1a2f668d606e8f0b6e7d8fdebae86001bd037a3f"
  integrity sha512-qUHbKUK6sHeHn67qtHZoLoYk5hS6x1arTPjKDRkY93/6Fx+ZmNIpdm1owX3l6aYueyegJ7mz43FpvYHUqJ8xcw==
  dependencies:
    "@walletconnect/environment" "^1.0.0"
    "@walletconnect/jsonrpc-types" "^1.0.0"

"@walletconnect/mobile-registry@^1.4.0":
  version "1.4.0"
  resolved "https://registry.yarnpkg.com/@walletconnect/mobile-registry/-/mobile-registry-1.4.0.tgz#502cf8ab87330841d794819081e748ebdef7aee5"
  integrity sha512-ZtKRio4uCZ1JUF7LIdecmZt7FOLnX72RPSY7aUVu7mj7CSfxDwUn6gBuK6WGtH+NZCldBqDl5DenI5fFSvkKYw==

"@walletconnect/qrcode-modal@^1.5.4":
  version "1.5.4"
  resolved "https://registry.yarnpkg.com/@walletconnect/qrcode-modal/-/qrcode-modal-1.5.4.tgz#a6efdb19dac6f7fe53e1a778ffb7de0838f29dd5"
  integrity sha512-8i/2ruMSHsWvkg7xOgSJSty/iMPiZ5MFdC8XxqxebdvYUDPB5/nyDihQFExpqBxeKk2QAOqtav3/38HbBinoLA==
  dependencies:
    "@walletconnect/browser-utils" "^1.5.4"
    "@walletconnect/mobile-registry" "^1.4.0"
    "@walletconnect/types" "^1.5.4"
    copy-to-clipboard "^3.3.1"
    preact "10.4.1"
    qrcode "1.4.4"

"@walletconnect/randombytes@^1.0.1":
  version "1.0.1"
  resolved "https://registry.yarnpkg.com/@walletconnect/randombytes/-/randombytes-1.0.1.tgz#87f0f02d9206704ce1c9e23f07d3b28898c48385"
  integrity sha512-YJTyq69i0PtxVg7osEpKfvjTaWuAsR49QEcqGKZRKVQWMbGXBZ65fovemK/SRgtiFRv0V8PwsrlKSheqzfPNcg==
  dependencies:
    "@walletconnect/encoding" "^1.0.0"
    "@walletconnect/environment" "^1.0.0"
    randombytes "^2.1.0"

"@walletconnect/safe-json@1.0.0", "@walletconnect/safe-json@^1.0.0":
  version "1.0.0"
  resolved "https://registry.yarnpkg.com/@walletconnect/safe-json/-/safe-json-1.0.0.tgz#12eeb11d43795199c045fafde97e3c91646683b2"
  integrity sha512-QJzp/S/86sUAgWY6eh5MKYmSfZaRpIlmCJdi5uG4DJlKkZrHEF7ye7gA+VtbVzvTtpM/gRwO2plQuiooIeXjfg==

"@walletconnect/signer-connection@^1.5.4":
  version "1.5.4"
  resolved "https://registry.yarnpkg.com/@walletconnect/signer-connection/-/signer-connection-1.5.4.tgz#17cd73d6dd08a3722355dd9212b8027e93ae0751"
  integrity sha512-l+esNjsfGP5C38J97aJT9G7OM6kaMwBfLowlt052lmTGhGr4I4lT71Gp/F0u+97rwfM1pPSdiiTYckgkooOpUg==
  dependencies:
    "@walletconnect/client" "^1.5.4"
    "@walletconnect/jsonrpc-types" "^1.0.0"
    "@walletconnect/jsonrpc-utils" "^1.0.0"
    "@walletconnect/qrcode-modal" "^1.5.4"
    "@walletconnect/types" "^1.5.4"
    eventemitter3 "4.0.7"

"@walletconnect/socket-transport@^1.5.4":
  version "1.5.4"
  resolved "https://registry.yarnpkg.com/@walletconnect/socket-transport/-/socket-transport-1.5.4.tgz#ac52fa1940036950418c9f2e702e861a9993afaf"
  integrity sha512-9xPpN2QvRc8i65wIaDEiFLPWdgKY/S+0ba5zSTqKAyjQVWPBH+/wr4xcoOF1lLdMKanFiyEpH1z25+6ndp7cAw==
  dependencies:
    "@walletconnect/types" "^1.5.4"
    "@walletconnect/utils" "^1.5.4"
    ws "7.3.0"

"@walletconnect/types@^1.5.4":
  version "1.5.4"
  resolved "https://registry.yarnpkg.com/@walletconnect/types/-/types-1.5.4.tgz#2dc6240b8779c0e5ad5b086a32c9d59bb8d488ed"
  integrity sha512-K3XQA5y2dfVfLObjrj4YPVcqxw3qZVpUan/UvsuC0e06vP+Gk6J6u2Xs196Or9/gLDSu05S/R69SukuWEtaHNA==

"@walletconnect/utils@^1.5.4":
  version "1.5.4"
  resolved "https://registry.yarnpkg.com/@walletconnect/utils/-/utils-1.5.4.tgz#9fdf57169bca8006625e53e8acdb08346fa4746b"
  integrity sha512-M/Wbm+kuaAo4dmfNY3UHsXnLpW0XpnoMChKlmPO56SqN0xK0GEUn4UGWxKTsR9WuhMcqajbjOnsI5m9PzIfMoQ==
  dependencies:
    "@walletconnect/browser-utils" "^1.5.4"
    "@walletconnect/encoding" "^1.0.0"
    "@walletconnect/jsonrpc-utils" "^1.0.0"
    "@walletconnect/types" "^1.5.4"
    bn.js "4.11.8"
    js-sha3 "0.8.0"
    query-string "6.13.5"

"@walletconnect/window-getters@1.0.0", "@walletconnect/window-getters@^1.0.0":
  version "1.0.0"
  resolved "https://registry.yarnpkg.com/@walletconnect/window-getters/-/window-getters-1.0.0.tgz#1053224f77e725dfd611c83931b5f6c98c32bfc8"
  integrity sha512-xB0SQsLaleIYIkSsl43vm8EwETpBzJ2gnzk7e0wMF3ktqiTGS6TFHxcprMl5R44KKh4tCcHCJwolMCaDSwtAaA==

"@walletconnect/window-metadata@1.0.0":
  version "1.0.0"
  resolved "https://registry.yarnpkg.com/@walletconnect/window-metadata/-/window-metadata-1.0.0.tgz#93b1cc685e6b9b202f29c26be550fde97800c4e5"
  integrity sha512-9eFvmJxIKCC3YWOL97SgRkKhlyGXkrHwamfechmqszbypFspaSk+t2jQXAEU7YClHF6Qjw5eYOmy1//zFi9/GA==
  dependencies:
    "@walletconnect/window-getters" "^1.0.0"

aes-js@^3.1.2:
  version "3.1.2"
  resolved "https://registry.yarnpkg.com/aes-js/-/aes-js-3.1.2.tgz#db9aabde85d5caabbfc0d4f2a4446960f627146a"
  integrity sha512-e5pEa2kBnBOgR4Y/p20pskXI74UEz7de8ZGVo58asOtvSVG5YAbJeELPZxOmt+Bnz3rX753YKhfIn4X4l1PPRQ==

ansi-regex@^4.1.0:
  version "4.1.0"
  resolved "https://registry.yarnpkg.com/ansi-regex/-/ansi-regex-4.1.0.tgz#8b9f8f08cf1acb843756a839ca8c7e3168c51997"
  integrity sha512-1apePfXM1UOSqw0o9IiFAovVz9M5S1Dg+4TrDwfMewQ6p/rmMueb7tWZjQ1rx4Loy1ArBggoqGpfqqdI4rondg==

ansi-styles@^3.2.0:
  version "3.2.1"
  resolved "https://registry.yarnpkg.com/ansi-styles/-/ansi-styles-3.2.1.tgz#41fbb20243e50b12be0f04b8dedbf07520ce841d"
  integrity sha512-VT0ZI6kZRdTh8YyJw3SMbYm/u+NqfsAxEpWO0Pf9sq8/e94WxxOpPKx9FR1FlyCtOVDNOQ+8ntlqFxiRc+r5qA==
  dependencies:
    color-convert "^1.9.0"

axios@^0.21.0:
  version "0.21.1"
  resolved "https://registry.yarnpkg.com/axios/-/axios-0.21.1.tgz#22563481962f4d6bde9a76d516ef0e5d3c09b2b8"
  integrity sha512-dKQiRHxGD9PPRIUNIWvZhPTPpl1rf/OxTYKsqKUDjBwYylTvV7SjSHJb9ratfyzM6wCdLCOYLzs73qpg5c4iGA==
  dependencies:
    follow-redirects "^1.10.0"

base64-js@^1.3.1:
  version "1.5.1"
  resolved "https://registry.yarnpkg.com/base64-js/-/base64-js-1.5.1.tgz#1b1b440160a5bf7ad40b650f095963481903930a"
  integrity sha512-AKpaYlHn8t4SVbOHCy+b5+KKgvR4vrsD8vbvrbiQJps7fKDTkjkDry6ji0rUJjC0kzbNePLwzxq8iypo41qeWA==

bn.js@4.11.8:
  version "4.11.8"
  resolved "https://registry.yarnpkg.com/bn.js/-/bn.js-4.11.8.tgz#2cde09eb5ee341f484746bb0309b3253b1b1442f"
  integrity sha512-ItfYfPLkWHUjckQCk8xC+LwxgK8NYcXywGigJgSwOP8Y2iyWT4f2vsZnoOXTTbo+o5yXmIUJ4gn5538SO5S3gA==

buffer-alloc-unsafe@^1.1.0:
  version "1.1.0"
  resolved "https://registry.yarnpkg.com/buffer-alloc-unsafe/-/buffer-alloc-unsafe-1.1.0.tgz#bd7dc26ae2972d0eda253be061dba992349c19f0"
  integrity sha512-TEM2iMIEQdJ2yjPJoSIsldnleVaAk1oW3DBVUykyOLsEsFmEc9kn+SFFPz+gl54KQNxlDnAwCXosOS9Okx2xAg==

buffer-alloc@^1.2.0:
  version "1.2.0"
  resolved "https://registry.yarnpkg.com/buffer-alloc/-/buffer-alloc-1.2.0.tgz#890dd90d923a873e08e10e5fd51a57e5b7cce0ec"
  integrity sha512-CFsHQgjtW1UChdXgbyJGtnm+O/uLQeZdtbDo8mfUgYXCHSM1wgrVxXm6bSyrUuErEb+4sYVGCzASBRot7zyrow==
  dependencies:
    buffer-alloc-unsafe "^1.1.0"
    buffer-fill "^1.0.0"

buffer-fill@^1.0.0:
  version "1.0.0"
  resolved "https://registry.yarnpkg.com/buffer-fill/-/buffer-fill-1.0.0.tgz#f8f78b76789888ef39f205cd637f68e702122b2c"
  integrity sha1-+PeLdniYiO858gXNY39o5wISKyw=

buffer-from@^1.1.1:
  version "1.1.1"
  resolved "https://registry.yarnpkg.com/buffer-from/-/buffer-from-1.1.1.tgz#32713bc028f75c02fdb710d7c7bcec1f2c6070ef"
  integrity sha512-MQcXEUbCKtEo7bhqEs6560Hyd4XaovZlO/k9V3hjVUF/zwW7KBVdSK4gIt/bzwS9MbR5qob+F5jusZsb0YQK2A==

buffer@^5.4.3:
  version "5.7.1"
  resolved "https://registry.yarnpkg.com/buffer/-/buffer-5.7.1.tgz#ba62e7c13133053582197160851a8f648e99eed0"
  integrity sha512-EHcyIPBQ4BSGlvjB16k5KgAJ27CIsHY/2JBmCRReo48y9rQ3MaUzWX3KVlBa4U7MyX02HdVj0K7C3WaB3ju7FQ==
  dependencies:
    base64-js "^1.3.1"
    ieee754 "^1.1.13"

camelcase@^5.0.0:
  version "5.3.1"
  resolved "https://registry.yarnpkg.com/camelcase/-/camelcase-5.3.1.tgz#e3c9b31569e106811df242f715725a1f4c494320"
  integrity sha512-L28STB170nwWS63UjtlEOE3dldQApaJXZkOI1uMFfzf3rRuPegHaHesyee+YxQ+W6SvRDQV6UrdOdRiR153wJg==

cliui@^5.0.0:
  version "5.0.0"
  resolved "https://registry.yarnpkg.com/cliui/-/cliui-5.0.0.tgz#deefcfdb2e800784aa34f46fa08e06851c7bbbc5"
  integrity sha512-PYeGSEmmHM6zvoef2w8TPzlrnNpXIjTipYK780YswmIP9vjxmd6Y2a3CB2Ks6/AU8NHjZugXvo8w3oWM2qnwXA==
  dependencies:
    string-width "^3.1.0"
    strip-ansi "^5.2.0"
    wrap-ansi "^5.1.0"

color-convert@^1.9.0:
  version "1.9.3"
  resolved "https://registry.yarnpkg.com/color-convert/-/color-convert-1.9.3.tgz#bb71850690e1f136567de629d2d5471deda4c1e8"
  integrity sha512-QfAUtd+vFdAtFQcC8CCyYt1fYWxSqAiK2cSD6zDB8N3cpsEBAvRxp9zOGg6G/SHHJYAT88/az/IuDGALsNVbGg==
  dependencies:
    color-name "1.1.3"

color-name@1.1.3:
  version "1.1.3"
  resolved "https://registry.yarnpkg.com/color-name/-/color-name-1.1.3.tgz#a7d0558bd89c42f795dd42328f740831ca53bc25"
  integrity sha1-p9BVi9icQveV3UIyj3QIMcpTvCU=

copy-to-clipboard@^3.3.1:
  version "3.3.1"
  resolved "https://registry.yarnpkg.com/copy-to-clipboard/-/copy-to-clipboard-3.3.1.tgz#115aa1a9998ffab6196f93076ad6da3b913662ae"
  integrity sha512-i13qo6kIHTTpCm8/Wup+0b1mVWETvu2kIMzKoK8FpkLkFxlt0znUAHcMzox+T8sPlqtZXq3CulEjQHsYiGFJUw==
  dependencies:
    toggle-selection "^1.0.6"

cross-fetch@^3.1.4:
  version "3.1.4"
  resolved "https://registry.yarnpkg.com/cross-fetch/-/cross-fetch-3.1.4.tgz#9723f3a3a247bf8b89039f3a380a9244e8fa2f39"
  integrity sha512-1eAtFWdIubi6T4XPy6ei9iUFoKpUkIF971QLN8lIvvvwueI65+Nw5haMNKUwfJxabqlIIDODJKGrQ66gxC0PbQ==
  dependencies:
    node-fetch "2.6.1"

decamelize@^1.2.0:
  version "1.2.0"
  resolved "https://registry.yarnpkg.com/decamelize/-/decamelize-1.2.0.tgz#f6534d15148269b20352e7bee26f501f9a191290"
  integrity sha1-9lNNFRSCabIDUue+4m9QH5oZEpA=

decode-uri-component@^0.2.0:
  version "0.2.0"
  resolved "https://registry.yarnpkg.com/decode-uri-component/-/decode-uri-component-0.2.0.tgz#eb3913333458775cb84cd1a1fae062106bb87545"
  integrity sha1-6zkTMzRYd1y4TNGh+uBiEGu4dUU=

detect-browser@5.2.0:
  version "5.2.0"
  resolved "https://registry.yarnpkg.com/detect-browser/-/detect-browser-5.2.0.tgz#c9cd5afa96a6a19fda0bbe9e9be48a6b6e1e9c97"
  integrity sha512-tr7XntDAu50BVENgQfajMLzacmSe34D+qZc4zjnniz0ZVuw/TZcLcyxHQjYpJTM36sGEkZZlYLnIM1hH7alTMA==

dijkstrajs@^1.0.1:
  version "1.0.1"
  resolved "https://registry.yarnpkg.com/dijkstrajs/-/dijkstrajs-1.0.1.tgz#d3cd81221e3ea40742cfcde556d4e99e98ddc71b"
  integrity sha1-082BIh4+pAdCz83lVtTpnpjdxxs=

eip1193-provider@1.0.1:
  version "1.0.1"
  resolved "https://registry.yarnpkg.com/eip1193-provider/-/eip1193-provider-1.0.1.tgz#420d29cf4f6c443e3f32e718fb16fafb250637c3"
  integrity sha512-kSuqwQ26d7CzuS/t3yRXo2Su2cVH0QfvyKbr2H7Be7O5YDyIq4hQGCNTo5wRdP07bt+E2R/8nPCzey4ojBHf7g==
  dependencies:
    "@json-rpc-tools/provider" "^1.5.5"

emoji-regex@^7.0.1:
  version "7.0.3"
  resolved "https://registry.yarnpkg.com/emoji-regex/-/emoji-regex-7.0.3.tgz#933a04052860c85e83c122479c4748a8e4c72156"
  integrity sha512-CwBLREIQ7LvYFB0WyRvwhq5N5qPhc6PMjD6bYggFlI5YyDgl+0vxq5VHbMOFqLg7hfWzmu8T5Z1QofhmTIhItA==

eventemitter3@4.0.7:
  version "4.0.7"
  resolved "https://registry.yarnpkg.com/eventemitter3/-/eventemitter3-4.0.7.tgz#2de9b68f6528d5644ef5c59526a1b4a07306169f"
  integrity sha512-8guHBZCwKnFhYdHr2ysuRWErTwhoN2X8XELRlrRwpmfeY2jjuUN4taQMsULKUVo1K4DvZl+0pgfyoysHxvmvEw==

find-up@^3.0.0:
  version "3.0.0"
  resolved "https://registry.yarnpkg.com/find-up/-/find-up-3.0.0.tgz#49169f1d7993430646da61ecc5ae355c21c97b73"
  integrity sha512-1yD6RmLI1XBfxugvORwlck6f75tYL+iR0jqwsOrOxMZyGYqUuDhJ0l4AXdO1iX/FTs9cBAMEk1gWSEx1kSbylg==
  dependencies:
    locate-path "^3.0.0"

follow-redirects@^1.10.0:
  version "1.14.1"
  resolved "https://registry.yarnpkg.com/follow-redirects/-/follow-redirects-1.14.1.tgz#d9114ded0a1cfdd334e164e6662ad02bfd91ff43"
  integrity sha512-HWqDgT7ZEkqRzBvc2s64vSZ/hfOceEol3ac/7tKwzuvEyWx3/4UegXh5oBOIotkGsObyk3xznnSRVADBgWSQVg==

get-caller-file@^2.0.1:
  version "2.0.5"
  resolved "https://registry.yarnpkg.com/get-caller-file/-/get-caller-file-2.0.5.tgz#4f94412a82db32f36e3b0b9741f8a97feb031f7e"
  integrity sha512-DyFP3BM/3YHTQOCUL/w0OZHR0lpKeGrxotcHWcqNEdnltqFwXVfhEBQ94eIo34AfQpo0rGki4cyIiftY06h2Fg==

hash.js@^1.1.7:
  version "1.1.7"
  resolved "https://registry.yarnpkg.com/hash.js/-/hash.js-1.1.7.tgz#0babca538e8d4ee4a0f8988d68866537a003cf42"
  integrity sha512-taOaskGt4z4SOANNseOviYDvjEJinIkRgmp7LbKP2YTTmVxWBl87s/uzK9r+44BclBSp2X7K1hqeNfz9JbBeXA==
  dependencies:
    inherits "^2.0.3"
    minimalistic-assert "^1.0.1"

ieee754@^1.1.13:
  version "1.2.1"
  resolved "https://registry.yarnpkg.com/ieee754/-/ieee754-1.2.1.tgz#8eb7a10a63fff25d15a57b001586d177d1b0d352"
  integrity sha512-dcyqhDvX1C46lXZcVqCpK+FtMRQVdIMN6/Df5js2zouUsqG7I6sFxitIC+7KYK29KdXOLHdu9zL4sFnoVQnqaA==

inherits@^2.0.3:
  version "2.0.4"
  resolved "https://registry.yarnpkg.com/inherits/-/inherits-2.0.4.tgz#0fa2c64f932917c3433a0ded55363aae37416b7c"
  integrity sha512-k/vGaX4/Yla3WzyMCvTQOXYeIHvqOKtnqBduzTHpzpQZzAskKMhZ2K+EnBiSM9zGSoIFeMpXKxa4dYeZIQqewQ==

is-fullwidth-code-point@^2.0.0:
  version "2.0.0"
  resolved "https://registry.yarnpkg.com/is-fullwidth-code-point/-/is-fullwidth-code-point-2.0.0.tgz#a3b30a5c4f199183167aaab93beefae3ddfb654f"
  integrity sha1-o7MKXE8ZkYMWeqq5O+764937ZU8=

is-typedarray@1.0.0, is-typedarray@^1.0.0:
  version "1.0.0"
  resolved "https://registry.yarnpkg.com/is-typedarray/-/is-typedarray-1.0.0.tgz#e479c80858df0c1b11ddda6940f96011fcda4a9a"
  integrity sha1-5HnICFjfDBsR3dppQPlgEfzaSpo=

isarray@^2.0.1:
  version "2.0.5"
  resolved "https://registry.yarnpkg.com/isarray/-/isarray-2.0.5.tgz#8af1e4c1221244cc62459faf38940d4e644a5723"
  integrity sha512-xHjhDr3cNBK0BzdUJSPXZntQUx/mwMS5Rw4A7lPJ90XGAO6ISP/ePDNuo0vhqOZU+UD5JoodwCAAoZQd3FeAKw==

js-sha3@0.8.0:
  version "0.8.0"
  resolved "https://registry.yarnpkg.com/js-sha3/-/js-sha3-0.8.0.tgz#b9b7a5da73afad7dedd0f8c463954cbde6818840"
  integrity sha512-gF1cRrHhIzNfToc802P800N8PpXS+evLLXfsVpowqmAFR9uwbi89WvXg2QspOmXL8QL86J4T1EpFu+yUkwJY3Q==

keyvaluestorage-interface@^1.0.0:
  version "1.0.0"
  resolved "https://registry.yarnpkg.com/keyvaluestorage-interface/-/keyvaluestorage-interface-1.0.0.tgz#13ebdf71f5284ad54be94bd1ad9ed79adad515ff"
  integrity sha512-8t6Q3TclQ4uZynJY9IGr2+SsIGwK9JHcO6ootkHCGA0CrQCRy+VkouYNO2xicET6b9al7QKzpebNow+gkpCL8g==

locate-path@^3.0.0:
  version "3.0.0"
  resolved "https://registry.yarnpkg.com/locate-path/-/locate-path-3.0.0.tgz#dbec3b3ab759758071b58fe59fc41871af21400e"
  integrity sha512-7AO748wWnIhNqAuaty2ZWHkQHRSNfPVIsPIfwEOWO22AmaoVrWavlOcMR5nzTLNYvp36X220/maaRsrec1G65A==
  dependencies:
    p-locate "^3.0.0"
    path-exists "^3.0.0"

minimalistic-assert@^1.0.1:
  version "1.0.1"
  resolved "https://registry.yarnpkg.com/minimalistic-assert/-/minimalistic-assert-1.0.1.tgz#2e194de044626d4a10e7f7fbc00ce73e83e4d5c7"
  integrity sha512-UtJcAD4yEaGtjPezWuO9wC4nwUnVH/8/Im3yEHQP4b67cXlD/Qr9hdITCU1xDbSEXg2XKNaP8jsReV7vQd00/A==

node-fetch@2.6.1:
  version "2.6.1"
  resolved "https://registry.yarnpkg.com/node-fetch/-/node-fetch-2.6.1.tgz#045bd323631f76ed2e2b55573394416b639a0052"
  integrity sha512-V4aYg89jEoVRxRb2fJdAg8FHvI7cEyYdVAh94HH0UIK8oJxUfkjlDQN9RbMx+bEjP7+ggMiFRprSti032Oipxw==

p-limit@^2.0.0:
  version "2.3.0"
  resolved "https://registry.yarnpkg.com/p-limit/-/p-limit-2.3.0.tgz#3dd33c647a214fdfffd835933eb086da0dc21db1"
  integrity sha512-//88mFWSJx8lxCzwdAABTJL2MyWB12+eIY7MDL2SqLmAkeKU9qxRvWuSyTjm3FUmpBEMuFfckAIqEaVGUDxb6w==
  dependencies:
    p-try "^2.0.0"

p-locate@^3.0.0:
  version "3.0.0"
  resolved "https://registry.yarnpkg.com/p-locate/-/p-locate-3.0.0.tgz#322d69a05c0264b25997d9f40cd8a891ab0064a4"
  integrity sha512-x+12w/To+4GFfgJhBEpiDcLozRJGegY+Ei7/z0tSLkMmxGZNybVMSfWj9aJn8Z5Fc7dBUNJOOVgPv2H7IwulSQ==
  dependencies:
    p-limit "^2.0.0"

p-try@^2.0.0:
  version "2.2.0"
  resolved "https://registry.yarnpkg.com/p-try/-/p-try-2.2.0.tgz#cb2868540e313d61de58fafbe35ce9004d5540e6"
  integrity sha512-R4nPAVTAU0B9D35/Gk3uJf/7XYbQcyohSKdvAxIRSNghFl4e71hVoGnBNQz9cWaXxO2I10KTC+3jMdvvoKw6dQ==

path-exists@^3.0.0:
  version "3.0.0"
  resolved "https://registry.yarnpkg.com/path-exists/-/path-exists-3.0.0.tgz#ce0ebeaa5f78cb18925ea7d810d7b59b010fd515"
  integrity sha1-zg6+ql94yxiSXqfYENe1mwEP1RU=

pngjs@^3.3.0:
  version "3.4.0"
  resolved "https://registry.yarnpkg.com/pngjs/-/pngjs-3.4.0.tgz#99ca7d725965fb655814eaf65f38f12bbdbf555f"
  integrity sha512-NCrCHhWmnQklfH4MtJMRjZ2a8c80qXeMlQMv2uVp9ISJMTt562SbGd6n2oq0PaPgKm7Z6pL9E2UlLIhC+SHL3w==

preact@10.4.1:
  version "10.4.1"
  resolved "https://registry.yarnpkg.com/preact/-/preact-10.4.1.tgz#9b3ba020547673a231c6cf16f0fbaef0e8863431"
  integrity sha512-WKrRpCSwL2t3tpOOGhf2WfTpcmbpxaWtDbdJdKdjd0aEiTkvOmS4NBkG6kzlaAHI9AkQ3iVqbFWM3Ei7mZ4o1Q==

qrcode@1.4.4:
  version "1.4.4"
  resolved "https://registry.yarnpkg.com/qrcode/-/qrcode-1.4.4.tgz#f0c43568a7e7510a55efc3b88d9602f71963ea83"
  integrity sha512-oLzEC5+NKFou9P0bMj5+v6Z40evexeE29Z9cummZXZ9QXyMr3lphkURzxjXgPJC5azpxcshoDWV1xE46z+/c3Q==
  dependencies:
    buffer "^5.4.3"
    buffer-alloc "^1.2.0"
    buffer-from "^1.1.1"
    dijkstrajs "^1.0.1"
    isarray "^2.0.1"
    pngjs "^3.3.0"
    yargs "^13.2.4"

query-string@6.13.5:
  version "6.13.5"
  resolved "https://registry.yarnpkg.com/query-string/-/query-string-6.13.5.tgz#99e95e2fb7021db90a6f373f990c0c814b3812d8"
  integrity sha512-svk3xg9qHR39P3JlHuD7g3nRnyay5mHbrPctEBDUxUkHRifPHXJDhBUycdCC0NBjXoDf44Gb+IsOZL1Uwn8M/Q==
  dependencies:
    decode-uri-component "^0.2.0"
    split-on-first "^1.0.0"
    strict-uri-encode "^2.0.0"

randombytes@^2.1.0:
  version "2.1.0"
  resolved "https://registry.yarnpkg.com/randombytes/-/randombytes-2.1.0.tgz#df6f84372f0270dc65cdf6291349ab7a473d4f2a"
  integrity sha512-vYl3iOX+4CKUWuxGi9Ukhie6fsqXqS9FE2Zaic4tNFD2N2QQaXOMFbuKK4QmDHC0JO6B1Zp41J0LpT0oR68amQ==
  dependencies:
    safe-buffer "^5.1.0"

require-directory@^2.1.1:
  version "2.1.1"
  resolved "https://registry.yarnpkg.com/require-directory/-/require-directory-2.1.1.tgz#8c64ad5fd30dab1c976e2344ffe7f792a6a6df42"
  integrity sha1-jGStX9MNqxyXbiNE/+f3kqam30I=

require-main-filename@^2.0.0:
  version "2.0.0"
  resolved "https://registry.yarnpkg.com/require-main-filename/-/require-main-filename-2.0.0.tgz#d0b329ecc7cc0f61649f62215be69af54aa8989b"
  integrity sha512-NKN5kMDylKuldxYLSUfrbo5Tuzh4hd+2E8NPPX02mZtn1VuREQToYe/ZdlJy+J3uCpfaiGF05e7B8W0iXbQHmg==

safe-buffer@^5.1.0:
  version "5.2.1"
  resolved "https://registry.yarnpkg.com/safe-buffer/-/safe-buffer-5.2.1.tgz#1eaf9fa9bdb1fdd4ec75f58f9cdb4e6b7827eec6"
  integrity sha512-rp3So07KcdmmKbGvgaNxQSJr7bGVSVk5S9Eq1F+ppbRo70+YeaDxkw5Dd8NPN+GD6bjnYm2VuPuCXmpuYvmCXQ==

safe-json-utils@^1.1.1:
  version "1.1.1"
  resolved "https://registry.yarnpkg.com/safe-json-utils/-/safe-json-utils-1.1.1.tgz#0e883874467d95ab914c3f511096b89bfb3e63b1"
  integrity sha512-SAJWGKDs50tAbiDXLf89PDwt9XYkWyANFWVzn4dTXl5QyI8t2o/bW5/OJl3lvc2WVU4MEpTo9Yz5NVFNsp+OJQ==

set-blocking@^2.0.0:
  version "2.0.0"
  resolved "https://registry.yarnpkg.com/set-blocking/-/set-blocking-2.0.0.tgz#045f9782d011ae9a6803ddd382b24392b3d890f7"
  integrity sha1-BF+XgtARrppoA93TgrJDkrPYkPc=

split-on-first@^1.0.0:
  version "1.1.0"
  resolved "https://registry.yarnpkg.com/split-on-first/-/split-on-first-1.1.0.tgz#f610afeee3b12bce1d0c30425e76398b78249a5f"
  integrity sha512-43ZssAJaMusuKWL8sKUBQXHWOpq8d6CfN/u1p4gUzfJkM05C8rxTmYrkIPTXapZpORA6LkkzcUulJ8FqA7Uudw==

strict-uri-encode@^2.0.0:
  version "2.0.0"
  resolved "https://registry.yarnpkg.com/strict-uri-encode/-/strict-uri-encode-2.0.0.tgz#b9c7330c7042862f6b142dc274bbcc5866ce3546"
  integrity sha1-ucczDHBChi9rFC3CdLvMWGbONUY=

string-width@^3.0.0, string-width@^3.1.0:
  version "3.1.0"
  resolved "https://registry.yarnpkg.com/string-width/-/string-width-3.1.0.tgz#22767be21b62af1081574306f69ac51b62203961"
  integrity sha512-vafcv6KjVZKSgz06oM/H6GDBrAtz8vdhQakGjFIvNrHA6y3HCF1CInLy+QLq8dTJPQ1b+KDUqDFctkdRW44e1w==
  dependencies:
    emoji-regex "^7.0.1"
    is-fullwidth-code-point "^2.0.0"
    strip-ansi "^5.1.0"

strip-ansi@^5.0.0, strip-ansi@^5.1.0, strip-ansi@^5.2.0:
  version "5.2.0"
  resolved "https://registry.yarnpkg.com/strip-ansi/-/strip-ansi-5.2.0.tgz#8c9a536feb6afc962bdfa5b104a5091c1ad9c0ae"
  integrity sha512-DuRs1gKbBqsMKIZlrffwlug8MHkcnpjs5VPmL1PAh+mA30U0DTotfDZ0d2UUsXpPmPmMMJ6W773MaA3J+lbiWA==
  dependencies:
    ansi-regex "^4.1.0"

tiny-invariant@^1.0.6:
  version "1.1.0"
  resolved "https://registry.yarnpkg.com/tiny-invariant/-/tiny-invariant-1.1.0.tgz#634c5f8efdc27714b7f386c35e6760991d230875"
  integrity sha512-ytxQvrb1cPc9WBEI/HSeYYoGD0kWnGEOR8RY6KomWLBVhqz0RgTwVO9dLrGz7dC+nN9llyI7OKAgRq8Vq4ZBSw==

toggle-selection@^1.0.6:
  version "1.0.6"
  resolved "https://registry.yarnpkg.com/toggle-selection/-/toggle-selection-1.0.6.tgz#6e45b1263f2017fa0acc7d89d78b15b8bf77da32"
  integrity sha1-bkWxJj8gF/oKzH2J14sVuL932jI=

typedarray-to-buffer@3.1.5:
  version "3.1.5"
  resolved "https://registry.yarnpkg.com/typedarray-to-buffer/-/typedarray-to-buffer-3.1.5.tgz#a97ee7a9ff42691b9f783ff1bc5112fe3fca9080"
  integrity sha512-zdu8XMNEDepKKR+XYOXAVPtWui0ly0NtohUscw+UmaHiAWT8hrV1rr//H6V+0DvJ3OQ19S979M0laLfX8rm82Q==
  dependencies:
    is-typedarray "^1.0.0"

which-module@^2.0.0:
  version "2.0.0"
  resolved "https://registry.yarnpkg.com/which-module/-/which-module-2.0.0.tgz#d9ef07dce77b9902b8a3a8fa4b31c3e3f7e6e87a"
  integrity sha1-2e8H3Od7mQK4o6j6SzHD4/fm6Ho=

wrap-ansi@^5.1.0:
  version "5.1.0"
  resolved "https://registry.yarnpkg.com/wrap-ansi/-/wrap-ansi-5.1.0.tgz#1fd1f67235d5b6d0fee781056001bfb694c03b09"
  integrity sha512-QC1/iN/2/RPVJ5jYK8BGttj5z83LmSKmvbvrXPNCLZSEb32KKVDJDl/MOt2N01qU2H/FkzEa9PKto1BqDjtd7Q==
  dependencies:
    ansi-styles "^3.2.0"
    string-width "^3.0.0"
    strip-ansi "^5.0.0"

ws@7.3.0:
  version "7.3.0"
  resolved "https://registry.yarnpkg.com/ws/-/ws-7.3.0.tgz#4b2f7f219b3d3737bc1a2fbf145d825b94d38ffd"
  integrity sha512-iFtXzngZVXPGgpTlP1rBqsUK82p9tKqsWRPg5L56egiljujJT3vGAYnHANvFxBieXrTFavhzhxW52jnaWV+w2w==

ws@^7.4.0:
  version "7.5.3"
  resolved "https://registry.yarnpkg.com/ws/-/ws-7.5.3.tgz#160835b63c7d97bfab418fc1b8a9fced2ac01a74"
  integrity sha512-kQ/dHIzuLrS6Je9+uv81ueZomEwH0qVYstcAQ4/Z93K8zeko9gtAbttJWzoC5ukqXY1PpoouV3+VSOqEAFt5wg==

y18n@^4.0.0:
  version "4.0.1"
  resolved "https://registry.yarnpkg.com/y18n/-/y18n-4.0.1.tgz#8db2b83c31c5d75099bb890b23f3094891e247d4"
  integrity sha512-wNcy4NvjMYL8gogWWYAO7ZFWFfHcbdbE57tZO8e4cbpj8tfUcwrwqSl3ad8HxpYWCdXcJUCeKKZS62Av1affwQ==

yargs-parser@^13.1.2:
  version "13.1.2"
  resolved "https://registry.yarnpkg.com/yargs-parser/-/yargs-parser-13.1.2.tgz#130f09702ebaeef2650d54ce6e3e5706f7a4fb38"
  integrity sha512-3lbsNRf/j+A4QuSZfDRA7HRSfWrzO0YjqTJd5kjAq37Zep1CEgaYmrH9Q3GwPiB9cHyd1Y1UwggGhJGoxipbzg==
  dependencies:
    camelcase "^5.0.0"
    decamelize "^1.2.0"

yargs@^13.2.4:
  version "13.3.2"
  resolved "https://registry.yarnpkg.com/yargs/-/yargs-13.3.2.tgz#ad7ffefec1aa59565ac915f82dccb38a9c31a2dd"
  integrity sha512-AX3Zw5iPruN5ie6xGRIDgqkT+ZhnRlZMLMHAs8tg7nRruy2Nb+i5o9bwghAogtM08q1dpr2LVoS8KSTMYpWXUw==
  dependencies:
    cliui "^5.0.0"
    find-up "^3.0.0"
    get-caller-file "^2.0.1"
    require-directory "^2.1.1"
    require-main-filename "^2.0.0"
    set-blocking "^2.0.0"
    string-width "^3.0.0"
    which-module "^2.0.0"
    y18n "^4.0.0"
    yargs-parser "^13.1.2"
