# THIS IS AN AUTOGENERATED FILE. DO NOT EDIT THIS FILE DIRECTLY.
# yarn lockfile v1


bind-decorator@^1.0.11:
  version "1.0.11"
  resolved "https://registry.yarnpkg.com/bind-decorator/-/bind-decorator-1.0.11.tgz#e41bc06a1f65dd9cec476c91c5daf3978488252f"
  integrity sha1-5BvAah9l3ZzsR2yRxdrzl4SIJS8=

bn.js@^5.1.1:
  version "5.1.1"
  resolved "https://registry.yarnpkg.com/bn.js/-/bn.js-5.1.1.tgz#48efc4031a9c4041b9c99c6941d903463ab62eb5"
  integrity sha512-IUTD/REb78Z2eodka1QZyyEk66pciRcP6Sroka0aI3tG/iwIdYLrBD62RsubR7vqdt3WyX8p4jxeatzmRSphtA==

clsx@^1.1.0:
  version "1.1.0"
  resolved "https://registry.yarnpkg.com/clsx/-/clsx-1.1.0.tgz#62937c6adfea771247c34b54d320fb99624f5702"
  integrity sha512-3avwM37fSK5oP6M5rQ9CNe99lwxhXDOeSWVPAOYF6OazUTgZCMb0yWlJpmdD74REy1gkEaFiub2ULv4fq9GUhA==

preact@^10.3.3:
  version "10.3.4"
  resolved "https://registry.yarnpkg.com/preact/-/preact-10.3.4.tgz#e1542a4d3eba3e7a37f312a2c331231b97052024"
  integrity sha512-wMgzs/RGYf0I1PZf8ZFJdyU/3kCcwepJyVYe+N9FGajyQWarMoPrPfrQajcG0psPj6ySYv2cSuLYFCihvV/Qrw==

rxjs@^6.5.4:
  version "6.5.4"
  resolved "https://registry.yarnpkg.com/rxjs/-/rxjs-6.5.4.tgz#e0777fe0d184cec7872df147f303572d414e211c"
  integrity sha512-naMQXcgEo3csAEGvw/NydRA0fuS2nDZJiw1YUWFKU7aPPAPGZEsD4Iimit96qwCieH6y614MCLYwdkrWx7z/7Q==
  dependencies:
    tslib "^1.9.0"

tslib@^1.9.0:
  version "1.11.1"
  resolved "https://registry.yarnpkg.com/tslib/-/tslib-1.11.1.tgz#eb15d128827fbee2841549e171f45ed338ac7e35"
  integrity sha512-aZW88SY8kQbU7gpV19lN24LtXh/yD4ZZg6qieAJDDg+YBsJcSmLGK9QpnUjAKVG/xefmvJGd1WUmfpT/g6AJGA==

walletlink@^2.0.2:
  version "2.0.2"
  resolved "https://registry.yarnpkg.com/walletlink/-/walletlink-2.0.2.tgz#8640e42d3df49b4661019287ab9789e94b72db98"
  integrity sha512-4MIctCHAjcPHSQUHpHuU9leUAvYqRF+/4kCq7x9AngZQ2Jd74dbpC8dfZ55uOwW8TXc7z9XYeSyzRrGHbv5ZXg==
  dependencies:
    bind-decorator "^1.0.11"
    bn.js "^5.1.1"
    clsx "^1.1.0"
    preact "^10.3.3"
    rxjs "^6.5.4"
