# THIS IS AN AUTOGENERATED FILE. DO NOT EDIT THIS FILE DIRECTLY.
# yarn lockfile v1


bind-decorator@^1.0.11:
  version "1.0.11"
  resolved "https://registry.yarnpkg.com/bind-decorator/-/bind-decorator-1.0.11.tgz#e41bc06a1f65dd9cec476c91c5daf3978488252f"
  integrity sha1-5BvAah9l3ZzsR2yRxdrzl4SIJS8=

bn.js@^5.1.1:
  version "5.1.2"
  resolved "https://registry.yarnpkg.com/bn.js/-/bn.js-5.1.2.tgz#c9686902d3c9a27729f43ab10f9d79c2004da7b0"
  integrity sha512-40rZaf3bUNKTVYu9sIeeEGOg7g14Yvnj9kH7b50EiwX0Q7A6umbvfI5tvHaOERH0XigqKkfLkFQxzb4e6CIXnA==

clsx@^1.1.0:
  version "1.1.1"
  resolved "https://registry.yarnpkg.com/clsx/-/clsx-1.1.1.tgz#98b3134f9abbdf23b2663491ace13c5c03a73188"
  integrity sha512-6/bPho624p3S2pMyvP5kKBPXnI3ufHLObBFCfgx+LkeR5lg2XYy2hqZqUf45ypD8COn2bhgGJSUE+l5dhNBieA==

preact@^10.3.3:
  version "10.4.4"
  resolved "https://registry.yarnpkg.com/preact/-/preact-10.4.4.tgz#0bd6d759ec2f8684aaf8c63c7f076191e46528cf"
  integrity sha512-EaTJrerceyAPatQ+vfnadoopsMBZAOY7ak9ogVdUi5xbpR8SoHgtLryXnW+4mQOwt21icqoVR1brkU2dq7pEBA==

rxjs@^6.5.4:
  version "6.5.5"
  resolved "https://registry.yarnpkg.com/rxjs/-/rxjs-6.5.5.tgz#c5c884e3094c8cfee31bf27eb87e54ccfc87f9ec"
  integrity sha512-WfQI+1gohdf0Dai/Bbmk5L5ItH5tYqm3ki2c5GdWhKjalzjg93N3avFjVStyZZz+A2Em+ZxKH5bNghw9UeylGQ==
  dependencies:
    tslib "^1.9.0"

tslib@^1.9.0:
  version "1.13.0"
  resolved "https://registry.yarnpkg.com/tslib/-/tslib-1.13.0.tgz#c881e13cc7015894ed914862d276436fa9a47043"
  integrity sha512-i/6DQjL8Xf3be4K/E6Wgpekn5Qasl1usyw++dAA35Ue5orEn65VIxOA+YvNNl9HV3qv70T7CNwjODHZrLwvd1Q==

walletlink@^2.0.2:
  version "2.0.2"
  resolved "https://registry.yarnpkg.com/walletlink/-/walletlink-2.0.2.tgz#8640e42d3df49b4661019287ab9789e94b72db98"
  integrity sha512-4MIctCHAjcPHSQUHpHuU9leUAvYqRF+/4kCq7x9AngZQ2Jd74dbpC8dfZ55uOwW8TXc7z9XYeSyzRrGHbv5ZXg==
  dependencies:
    bind-decorator "^1.0.11"
    bn.js "^5.1.1"
    clsx "^1.1.0"
    preact "^10.3.3"
    rxjs "^6.5.4"
