# THIS IS AN AUTOGENERATED FILE. DO NOT EDIT THIS FILE DIRECTLY.
# yarn lockfile v1


"@ethersproject/bytes@>=5.0.0-beta.129":
  version "5.0.0-beta.132"
  resolved "https://registry.yarnpkg.com/@ethersproject/bytes/-/bytes-5.0.0-beta.132.tgz#6664b468eb78b24f965014118e949cd85c0c3801"
  integrity sha512-w8lf+xVdN3W48xg+JystkelbMWI7r8bRMpFKYIkNkKUc9JmxVI9voTV1AM/ELVCLpELYluZNZIpWJ/fSfQYs/A==
  dependencies:
    "@ethersproject/logger" ">=5.0.0-beta.129"

"@ethersproject/keccak256@^5.0.0-beta.130":
  version "5.0.0-beta.130"
  resolved "https://registry.yarnpkg.com/@ethersproject/keccak256/-/keccak256-5.0.0-beta.130.tgz#fd9c2adefeb31f0abb137af35a9eda2216a58584"
  integrity sha512-wE2kkSqhXUYbr3VB7YSaQ16lVoyCiIUlSJ6UBckY55gPYIgpAaHb2TCY4rtxeKGpHkv/j+1DyKGB/UYSb+KCew==
  dependencies:
    "@ethersproject/bytes" ">=5.0.0-beta.129"
    js-sha3 "0.5.7"

"@ethersproject/logger@>=5.0.0-beta.129":
  version "5.0.0-beta.131"
  resolved "https://registry.yarnpkg.com/@ethersproject/logger/-/logger-5.0.0-beta.131.tgz#d52ab173fd0b459117ce47e43f38d1e3b1a5add4"
  integrity sha512-5WKvSvijhhQ5+7vCIJSU/fmxuGY2ENd+axeN/Gjk+0l1hZmYPSMvO4jJ1YSnu38BhhvI8aiVM3PDlmzAWwwv4g==

js-sha3@0.5.7:
  version "0.5.7"
  resolved "https://registry.yarnpkg.com/js-sha3/-/js-sha3-0.5.7.tgz#0d4ffd8002d5333aabaf4a23eed2f6374c9f28e7"
  integrity sha1-DU/9gALVMzqrr0oj7tL2N0yfKOc=

tiny-invariant@^1.0.6:
  version "1.0.6"
  resolved "https://registry.yarnpkg.com/tiny-invariant/-/tiny-invariant-1.0.6.tgz#b3f9b38835e36a41c843a3b0907a5a7b3755de73"
  integrity sha512-FOyLWWVjG+aC0UqG76V53yAWdXfH8bO6FNmyZOuUrzDzK8DI3/JRY25UD7+g49JWM1LXwymsKERB+DzI0dTEQA==

tiny-warning@^1.0.3:
  version "1.0.3"
  resolved "https://registry.yarnpkg.com/tiny-warning/-/tiny-warning-1.0.3.tgz#94a30db453df4c643d0fd566060d60a875d84754"
  integrity sha512-lBN9zLN/oAf68o3zNXYrdCt1kP8WsiGW8Oo2ka41b2IM5JL/S1CTyX1rW0mb/zSuJun0ZUrDxx4sqvYS2FWzPA==
